
Microsoft Visual Studio Solution File, Format Version 12.00
# Visual Studio Version 17
VisualStudioVersion = 17.9.34728.123
MinimumVisualStudioVersion = 10.0.40219.1
Project("{FAE04EC0-301F-11D3-BF4B-00C04F79EFBC}") = "A034_ValueAndReference", "A034_ValueAndReference\A034_ValueAndReference.csproj", "{A021CA53-252D-4C01-A857-F57FA23DD2E8}"
EndProject
Global
	GlobalSection(SolutionConfigurationPlatforms) = preSolution
		Debug|Any CPU = Debug|Any CPU
		Release|Any CPU = Release|Any CPU
	EndGlobalSection
	GlobalSection(ProjectConfigurationPlatforms) = postSolution
		{A021CA53-252D-4C01-A857-F57FA23DD2E8}.Debug|Any CPU.ActiveCfg = Debug|Any CPU
		{A021CA53-252D-4C01-A857-F57FA23DD2E8}.Debug|Any CPU.Build.0 = Debug|Any CPU
		{A021CA53-252D-4C01-A857-F57FA23DD2E8}.Release|Any CPU.ActiveCfg = Release|Any CPU
		{A021CA53-252D-4C01-A857-F57FA23DD2E8}.Release|Any CPU.Build.0 = Release|Any CPU
	EndGlobalSection
	GlobalSection(SolutionProperties) = preSolution
		HideSolutionNode = FALSE
	EndGlobalSection
	GlobalSection(ExtensibilityGlobals) = postSolution
		SolutionGuid = {61D97A1B-ED2A-463F-A66E-E7DD517571C4}
	EndGlobalSection
EndGlobal
