
Microsoft Visual Studio Solution File, Format Version 12.00
# Visual Studio Version 17
VisualStudioVersion = 17.9.34728.123
MinimumVisualStudioVersion = 10.0.40219.1
Project("{FAE04EC0-301F-11D3-BF4B-00C04F79EFBC}") = "A136_Login", "A136_Login\A136_Login.csproj", "{09699EFE-7171-4185-9099-511F1B4F882E}"
EndProject
Global
	GlobalSection(SolutionConfigurationPlatforms) = preSolution
		Debug|Any CPU = Debug|Any CPU
		Release|Any CPU = Release|Any CPU
	EndGlobalSection
	GlobalSection(ProjectConfigurationPlatforms) = postSolution
		{09699EFE-7171-4185-9099-511F1B4F882E}.Debug|Any CPU.ActiveCfg = Debug|Any CPU
		{09699EFE-7171-4185-9099-511F1B4F882E}.Debug|Any CPU.Build.0 = Debug|Any CPU
		{09699EFE-7171-4185-9099-511F1B4F882E}.Release|Any CPU.ActiveCfg = Release|Any CPU
		{09699EFE-7171-4185-9099-511F1B4F882E}.Release|Any CPU.Build.0 = Release|Any CPU
	EndGlobalSection
	GlobalSection(SolutionProperties) = preSolution
		HideSolutionNode = FALSE
	EndGlobalSection
	GlobalSection(ExtensibilityGlobals) = postSolution
		SolutionGuid = {69DEC43D-C323-41ED-9D5D-6C7FBC84568F}
	EndGlobalSection
EndGlobal
