
Microsoft Visual Studio Solution File, Format Version 12.00
# Visual Studio Version 17
VisualStudioVersion = 17.9.34728.123
MinimumVisualStudioVersion = 10.0.40219.1
Project("{FAE04EC0-301F-11D3-BF4B-00C04F79EFBC}") = "A146_TreeView", "A146_TreeView\A146_TreeView.csproj", "{35C157DA-12C5-413F-94C9-767EA36FB2D4}"
EndProject
Project("{2150E333-8FDC-42A3-9474-1A3956D46DE8}") = "images", "images", "{479F9151-4706-420A-8889-4671762533B0}"
EndProject
Global
	GlobalSection(SolutionConfigurationPlatforms) = preSolution
		Debug|Any CPU = Debug|Any CPU
		Release|Any CPU = Release|Any CPU
	EndGlobalSection
	GlobalSection(ProjectConfigurationPlatforms) = postSolution
		{35C157DA-12C5-413F-94C9-767EA36FB2D4}.Debug|Any CPU.ActiveCfg = Debug|Any CPU
		{35C157DA-12C5-413F-94C9-767EA36FB2D4}.Debug|Any CPU.Build.0 = Debug|Any CPU
		{35C157DA-12C5-413F-94C9-767EA36FB2D4}.Release|Any CPU.ActiveCfg = Release|Any CPU
		{35C157DA-12C5-413F-94C9-767EA36FB2D4}.Release|Any CPU.Build.0 = Release|Any CPU
	EndGlobalSection
	GlobalSection(SolutionProperties) = preSolution
		HideSolutionNode = FALSE
	EndGlobalSection
	GlobalSection(ExtensibilityGlobals) = postSolution
		SolutionGuid = {2DFCDF01-96C4-4163-A161-40B433F9DAC2}
	EndGlobalSection
EndGlobal
