
Microsoft Visual Studio Solution File, Format Version 12.00
# Visual Studio Version 17
VisualStudioVersion = 17.9.34622.214
MinimumVisualStudioVersion = 10.0.40219.1
Project("{FAE04EC0-301F-11D3-BF4B-00C04F79EFBC}") = "A019_Overflow", "A019_Overflow\A019_Overflow.csproj", "{381C75A9-4142-44B5-8106-1231D69E91D0}"
EndProject
Global
	GlobalSection(SolutionConfigurationPlatforms) = preSolution
		Debug|Any CPU = Debug|Any CPU
		Release|Any CPU = Release|Any CPU
	EndGlobalSection
	GlobalSection(ProjectConfigurationPlatforms) = postSolution
		{381C75A9-4142-44B5-8106-1231D69E91D0}.Debug|Any CPU.ActiveCfg = Debug|Any CPU
		{381C75A9-4142-44B5-8106-1231D69E91D0}.Debug|Any CPU.Build.0 = Debug|Any CPU
		{381C75A9-4142-44B5-8106-1231D69E91D0}.Release|Any CPU.ActiveCfg = Release|Any CPU
		{381C75A9-4142-44B5-8106-1231D69E91D0}.Release|Any CPU.Build.0 = Release|Any CPU
	EndGlobalSection
	GlobalSection(SolutionProperties) = preSolution
		HideSolutionNode = FALSE
	EndGlobalSection
	GlobalSection(ExtensibilityGlobals) = postSolution
		SolutionGuid = {3DCDDA49-312B-4D6B-A1D1-9997296F545A}
	EndGlobalSection
EndGlobal
