
Microsoft Visual Studio Solution File, Format Version 12.00
# Visual Studio Version 17
VisualStudioVersion = 17.9.34622.214
MinimumVisualStudioVersion = 10.0.40219.1
Project("{FAE04EC0-301F-11D3-BF4B-00C04F79EFBC}") = "A138_MaskedTextBox", "A138_MaskedTextBox.csproj", "{FEBB0297-3DEC-493F-8396-5F6AB9C8E895}"
EndProject
Global
	GlobalSection(SolutionConfigurationPlatforms) = preSolution
		Debug|Any CPU = Debug|Any CPU
		Release|Any CPU = Release|Any CPU
	EndGlobalSection
	GlobalSection(ProjectConfigurationPlatforms) = postSolution
		{FEBB0297-3DEC-493F-8396-5F6AB9C8E895}.Debug|Any CPU.ActiveCfg = Debug|Any CPU
		{FEBB0297-3DEC-493F-8396-5F6AB9C8E895}.Debug|Any CPU.Build.0 = Debug|Any CPU
		{FEBB0297-3DEC-493F-8396-5F6AB9C8E895}.Release|Any CPU.ActiveCfg = Release|Any CPU
		{FEBB0297-3DEC-493F-8396-5F6AB9C8E895}.Release|Any CPU.Build.0 = Release|Any CPU
	EndGlobalSection
	GlobalSection(SolutionProperties) = preSolution
		HideSolutionNode = FALSE
	EndGlobalSection
	GlobalSection(ExtensibilityGlobals) = postSolution
		SolutionGuid = {6701100A-8D3D-4F8A-8570-288FEA294ED6}
	EndGlobalSection
EndGlobal
