
Microsoft Visual Studio Solution File, Format Version 12.00
# Visual Studio Version 17
VisualStudioVersion = 17.9.34622.214
MinimumVisualStudioVersion = 10.0.40219.1
Project("{FAE04EC0-301F-11D3-BF4B-00C04F79EFBC}") = "A133_Flag", "A133_Flag.csproj", "{E69E558A-1194-4843-9850-8481E20D9E47}"
EndProject
Global
	GlobalSection(SolutionConfigurationPlatforms) = preSolution
		Debug|Any CPU = Debug|Any CPU
		Release|Any CPU = Release|Any CPU
	EndGlobalSection
	GlobalSection(ProjectConfigurationPlatforms) = postSolution
		{E69E558A-1194-4843-9850-8481E20D9E47}.Debug|Any CPU.ActiveCfg = Debug|Any CPU
		{E69E558A-1194-4843-9850-8481E20D9E47}.Debug|Any CPU.Build.0 = Debug|Any CPU
		{E69E558A-1194-4843-9850-8481E20D9E47}.Release|Any CPU.ActiveCfg = Release|Any CPU
		{E69E558A-1194-4843-9850-8481E20D9E47}.Release|Any CPU.Build.0 = Release|Any CPU
	EndGlobalSection
	GlobalSection(SolutionProperties) = preSolution
		HideSolutionNode = FALSE
	EndGlobalSection
	GlobalSection(ExtensibilityGlobals) = postSolution
		SolutionGuid = {EEE633CF-373E-46D4-AF10-1EF2419755B5}
	EndGlobalSection
EndGlobal
