
Microsoft Visual Studio Solution File, Format Version 12.00
# Visual Studio Version 17
VisualStudioVersion = 17.4.33213.308
MinimumVisualStudioVersion = 10.0.40219.1
Project("{FAE04EC0-301F-11D3-BF4B-00C04F79EFBC}") = "A030_GroupSeparator", "A030_GroupSeparator.csproj", "{2F9CFB4F-83C8-4B69-BDFC-CEE426184A81}"
EndProject
Global
	GlobalSection(SolutionConfigurationPlatforms) = preSolution
		Debug|Any CPU = Debug|Any CPU
		Release|Any CPU = Release|Any CPU
	EndGlobalSection
	GlobalSection(ProjectConfigurationPlatforms) = postSolution
		{2F9CFB4F-83C8-4B69-BDFC-CEE426184A81}.Debug|Any CPU.ActiveCfg = Debug|Any CPU
		{2F9CFB4F-83C8-4B69-BDFC-CEE426184A81}.Debug|Any CPU.Build.0 = Debug|Any CPU
		{2F9CFB4F-83C8-4B69-BDFC-CEE426184A81}.Release|Any CPU.ActiveCfg = Release|Any CPU
		{2F9CFB4F-83C8-4B69-BDFC-CEE426184A81}.Release|Any CPU.Build.0 = Release|Any CPU
	EndGlobalSection
	GlobalSection(SolutionProperties) = preSolution
		HideSolutionNode = FALSE
	EndGlobalSection
	GlobalSection(ExtensibilityGlobals) = postSolution
		SolutionGuid = {1461270A-E0A2-4A7F-994D-3F609677CAAA}
	EndGlobalSection
EndGlobal
