
Microsoft Visual Studio Solution File, Format Version 12.00
# Visual Studio Version 17
VisualStudioVersion = 17.9.34622.214
MinimumVisualStudioVersion = 10.0.40219.1
Project("{FAE04EC0-301F-11D3-BF4B-00C04F79EFBC}") = "A026_SplitMethod", "A026_SplitMethod\A026_SplitMethod.csproj", "{92968231-A115-458D-87B5-81D6813A0957}"
EndProject
Global
	GlobalSection(SolutionConfigurationPlatforms) = preSolution
		Debug|Any CPU = Debug|Any CPU
		Release|Any CPU = Release|Any CPU
	EndGlobalSection
	GlobalSection(ProjectConfigurationPlatforms) = postSolution
		{92968231-A115-458D-87B5-81D6813A0957}.Debug|Any CPU.ActiveCfg = Debug|Any CPU
		{92968231-A115-458D-87B5-81D6813A0957}.Debug|Any CPU.Build.0 = Debug|Any CPU
		{92968231-A115-458D-87B5-81D6813A0957}.Release|Any CPU.ActiveCfg = Release|Any CPU
		{92968231-A115-458D-87B5-81D6813A0957}.Release|Any CPU.Build.0 = Release|Any CPU
	EndGlobalSection
	GlobalSection(SolutionProperties) = preSolution
		HideSolutionNode = FALSE
	EndGlobalSection
	GlobalSection(ExtensibilityGlobals) = postSolution
		SolutionGuid = {EA34296B-B6B0-4B7A-91D3-9CFF9CD9C786}
	EndGlobalSection
EndGlobal
