
Microsoft Visual Studio Solution File, Format Version 12.00
# Visual Studio Version 17
VisualStudioVersion = 17.9.34714.143
MinimumVisualStudioVersion = 10.0.40219.1
Project("{FAE04EC0-301F-11D3-BF4B-00C04F79EFBC}") = "A135_RadioButton", "A135_RadioButton.csproj", "{7FF587EE-45D9-422C-9F1F-793AF6B80F3D}"
EndProject
Global
	GlobalSection(SolutionConfigurationPlatforms) = preSolution
		Debug|Any CPU = Debug|Any CPU
		Release|Any CPU = Release|Any CPU
	EndGlobalSection
	GlobalSection(ProjectConfigurationPlatforms) = postSolution
		{7FF587EE-45D9-422C-9F1F-793AF6B80F3D}.Debug|Any CPU.ActiveCfg = Debug|Any CPU
		{7FF587EE-45D9-422C-9F1F-793AF6B80F3D}.Debug|Any CPU.Build.0 = Debug|Any CPU
		{7FF587EE-45D9-422C-9F1F-793AF6B80F3D}.Release|Any CPU.ActiveCfg = Release|Any CPU
		{7FF587EE-45D9-422C-9F1F-793AF6B80F3D}.Release|Any CPU.Build.0 = Release|Any CPU
	EndGlobalSection
	GlobalSection(SolutionProperties) = preSolution
		HideSolutionNode = FALSE
	EndGlobalSection
	GlobalSection(ExtensibilityGlobals) = postSolution
		SolutionGuid = {6B2E94DA-3458-4A5C-8FB9-F3A7F5DA7542}
	EndGlobalSection
EndGlobal
