
Microsoft Visual Studio Solution File, Format Version 12.00
# Visual Studio Version 17
VisualStudioVersion = 17.9.34622.214
MinimumVisualStudioVersion = 10.0.40219.1
Project("{FAE04EC0-301F-11D3-BF4B-00C04F79EFBC}") = "A144_ListView", "A144_ListView.csproj", "{C14F4D3E-5E3D-44CC-B993-469191EAEDCA}"
EndProject
Global
	GlobalSection(SolutionConfigurationPlatforms) = preSolution
		Debug|Any CPU = Debug|Any CPU
		Release|Any CPU = Release|Any CPU
	EndGlobalSection
	GlobalSection(ProjectConfigurationPlatforms) = postSolution
		{C14F4D3E-5E3D-44CC-B993-469191EAEDCA}.Debug|Any CPU.ActiveCfg = Debug|Any CPU
		{C14F4D3E-5E3D-44CC-B993-469191EAEDCA}.Debug|Any CPU.Build.0 = Debug|Any CPU
		{C14F4D3E-5E3D-44CC-B993-469191EAEDCA}.Release|Any CPU.ActiveCfg = Release|Any CPU
		{C14F4D3E-5E3D-44CC-B993-469191EAEDCA}.Release|Any CPU.Build.0 = Release|Any CPU
	EndGlobalSection
	GlobalSection(SolutionProperties) = preSolution
		HideSolutionNode = FALSE
	EndGlobalSection
	GlobalSection(ExtensibilityGlobals) = postSolution
		SolutionGuid = {B9BF800C-9BC5-4800-9D09-EE22057197B0}
	EndGlobalSection
EndGlobal
