
Microsoft Visual Studio Solution File, Format Version 12.00
# Visual Studio Version 17
VisualStudioVersion = 17.9.34714.143
MinimumVisualStudioVersion = 10.0.40219.1
Project("{FAE04EC0-301F-11D3-BF4B-00C04F79EFBC}") = "A035_PassingArrayAndObject", "A035_PassingArrayAndObject.csproj", "{A1D1062D-28A5-4C3C-8178-2CFA83F90A9B}"
EndProject
Global
	GlobalSection(SolutionConfigurationPlatforms) = preSolution
		Debug|Any CPU = Debug|Any CPU
		Release|Any CPU = Release|Any CPU
	EndGlobalSection
	GlobalSection(ProjectConfigurationPlatforms) = postSolution
		{A1D1062D-28A5-4C3C-8178-2CFA83F90A9B}.Debug|Any CPU.ActiveCfg = Debug|Any CPU
		{A1D1062D-28A5-4C3C-8178-2CFA83F90A9B}.Debug|Any CPU.Build.0 = Debug|Any CPU
		{A1D1062D-28A5-4C3C-8178-2CFA83F90A9B}.Release|Any CPU.ActiveCfg = Release|Any CPU
		{A1D1062D-28A5-4C3C-8178-2CFA83F90A9B}.Release|Any CPU.Build.0 = Release|Any CPU
	EndGlobalSection
	GlobalSection(SolutionProperties) = preSolution
		HideSolutionNode = FALSE
	EndGlobalSection
	GlobalSection(ExtensibilityGlobals) = postSolution
		SolutionGuid = {3DE780E9-B227-436B-9765-C2F284381956}
	EndGlobalSection
EndGlobal
