
Microsoft Visual Studio Solution File, Format Version 12.00
# Visual Studio Version 17
VisualStudioVersion = 17.9.34728.123
MinimumVisualStudioVersion = 10.0.40219.1
Project("{FAE04EC0-301F-11D3-BF4B-00C04F79EFBC}") = "A147_Timer", "A147_Timer\A147_Timer.csproj", "{D3AA77AD-206E-477F-8A72-B3F7C7F5001C}"
EndProject
Global
	GlobalSection(SolutionConfigurationPlatforms) = preSolution
		Debug|Any CPU = Debug|Any CPU
		Release|Any CPU = Release|Any CPU
	EndGlobalSection
	GlobalSection(ProjectConfigurationPlatforms) = postSolution
		{D3AA77AD-206E-477F-8A72-B3F7C7F5001C}.Debug|Any CPU.ActiveCfg = Debug|Any CPU
		{D3AA77AD-206E-477F-8A72-B3F7C7F5001C}.Debug|Any CPU.Build.0 = Debug|Any CPU
		{D3AA77AD-206E-477F-8A72-B3F7C7F5001C}.Release|Any CPU.ActiveCfg = Release|Any CPU
		{D3AA77AD-206E-477F-8A72-B3F7C7F5001C}.Release|Any CPU.Build.0 = Release|Any CPU
	EndGlobalSection
	GlobalSection(SolutionProperties) = preSolution
		HideSolutionNode = FALSE
	EndGlobalSection
	GlobalSection(ExtensibilityGlobals) = postSolution
		SolutionGuid = {8766A9AD-16DE-4B9E-BFF6-3F88F495536A}
	EndGlobalSection
EndGlobal
