
Microsoft Visual Studio Solution File, Format Version 12.00
# Visual Studio Version 17
VisualStudioVersion = 17.9.34728.123
MinimumVisualStudioVersion = 10.0.40219.1
Project("{FAE04EC0-301F-11D3-BF4B-00C04F79EFBC}") = "A138_MaskedTextBox", "A138_MaskedTextBox\A138_MaskedTextBox.csproj", "{13EA8131-1DE5-4319-8904-F85789A0A800}"
EndProject
Global
	GlobalSection(SolutionConfigurationPlatforms) = preSolution
		Debug|Any CPU = Debug|Any CPU
		Release|Any CPU = Release|Any CPU
	EndGlobalSection
	GlobalSection(ProjectConfigurationPlatforms) = postSolution
		{13EA8131-1DE5-4319-8904-F85789A0A800}.Debug|Any CPU.ActiveCfg = Debug|Any CPU
		{13EA8131-1DE5-4319-8904-F85789A0A800}.Debug|Any CPU.Build.0 = Debug|Any CPU
		{13EA8131-1DE5-4319-8904-F85789A0A800}.Release|Any CPU.ActiveCfg = Release|Any CPU
		{13EA8131-1DE5-4319-8904-F85789A0A800}.Release|Any CPU.Build.0 = Release|Any CPU
	EndGlobalSection
	GlobalSection(SolutionProperties) = preSolution
		HideSolutionNode = FALSE
	EndGlobalSection
	GlobalSection(ExtensibilityGlobals) = postSolution
		SolutionGuid = {D761889E-53F2-42EF-9940-321153DEAE6C}
	EndGlobalSection
EndGlobal
