
Microsoft Visual Studio Solution File, Format Version 12.00
# Visual Studio Version 17
VisualStudioVersion = 17.9.34728.123
MinimumVisualStudioVersion = 10.0.40219.1
Project("{FAE04EC0-301F-11D3-BF4B-00C04F79EFBC}") = "A150_TabControl", "A150_TabControl\A150_TabControl.csproj", "{2F443E47-5BA9-4ED1-A6AC-6D7AD92F6401}"
EndProject
Global
	GlobalSection(SolutionConfigurationPlatforms) = preSolution
		Debug|Any CPU = Debug|Any CPU
		Release|Any CPU = Release|Any CPU
	EndGlobalSection
	GlobalSection(ProjectConfigurationPlatforms) = postSolution
		{2F443E47-5BA9-4ED1-A6AC-6D7AD92F6401}.Debug|Any CPU.ActiveCfg = Debug|Any CPU
		{2F443E47-5BA9-4ED1-A6AC-6D7AD92F6401}.Debug|Any CPU.Build.0 = Debug|Any CPU
		{2F443E47-5BA9-4ED1-A6AC-6D7AD92F6401}.Release|Any CPU.ActiveCfg = Release|Any CPU
		{2F443E47-5BA9-4ED1-A6AC-6D7AD92F6401}.Release|Any CPU.Build.0 = Release|Any CPU
	EndGlobalSection
	GlobalSection(SolutionProperties) = preSolution
		HideSolutionNode = FALSE
	EndGlobalSection
	GlobalSection(ExtensibilityGlobals) = postSolution
		SolutionGuid = {3EFD7938-56D6-4A59-8603-C43778CE4893}
	EndGlobalSection
EndGlobal
