
Microsoft Visual Studio Solution File, Format Version 12.00
# Visual Studio Version 17
VisualStudioVersion = 17.9.34622.214
MinimumVisualStudioVersion = 10.0.40219.1
Project("{FAE04EC0-301F-11D3-BF4B-00C04F79EFBC}") = "A027_StringConcat", "A027_StringConcat\A027_StringConcat.csproj", "{F16C5C30-CD50-4DAB-9E9F-8ED78C2C53B9}"
EndProject
Global
	GlobalSection(SolutionConfigurationPlatforms) = preSolution
		Debug|Any CPU = Debug|Any CPU
		Release|Any CPU = Release|Any CPU
	EndGlobalSection
	GlobalSection(ProjectConfigurationPlatforms) = postSolution
		{F16C5C30-CD50-4DAB-9E9F-8ED78C2C53B9}.Debug|Any CPU.ActiveCfg = Debug|Any CPU
		{F16C5C30-CD50-4DAB-9E9F-8ED78C2C53B9}.Debug|Any CPU.Build.0 = Debug|Any CPU
		{F16C5C30-CD50-4DAB-9E9F-8ED78C2C53B9}.Release|Any CPU.ActiveCfg = Release|Any CPU
		{F16C5C30-CD50-4DAB-9E9F-8ED78C2C53B9}.Release|Any CPU.Build.0 = Release|Any CPU
	EndGlobalSection
	GlobalSection(SolutionProperties) = preSolution
		HideSolutionNode = FALSE
	EndGlobalSection
	GlobalSection(ExtensibilityGlobals) = postSolution
		SolutionGuid = {03F0BA0D-FB98-4AF4-85CA-849DBD7696A5}
	EndGlobalSection
EndGlobal
