
Microsoft Visual Studio Solution File, Format Version 12.00
# Visual Studio Version 17
VisualStudioVersion = 17.9.34902.65
MinimumVisualStudioVersion = 10.0.40219.1
Project("{FAE04EC0-301F-11D3-BF4B-00C04F79EFBC}") = "A035_PassingArrayAndObject", "A035_PassingArrayAndObject.csproj", "{3660D6B4-5435-4D90-88CE-FF6B65C32C5D}"
EndProject
Global
	GlobalSection(SolutionConfigurationPlatforms) = preSolution
		Debug|Any CPU = Debug|Any CPU
		Release|Any CPU = Release|Any CPU
	EndGlobalSection
	GlobalSection(ProjectConfigurationPlatforms) = postSolution
		{3660D6B4-5435-4D90-88CE-FF6B65C32C5D}.Debug|Any CPU.ActiveCfg = Debug|Any CPU
		{3660D6B4-5435-4D90-88CE-FF6B65C32C5D}.Debug|Any CPU.Build.0 = Debug|Any CPU
		{3660D6B4-5435-4D90-88CE-FF6B65C32C5D}.Release|Any CPU.ActiveCfg = Release|Any CPU
		{3660D6B4-5435-4D90-88CE-FF6B65C32C5D}.Release|Any CPU.Build.0 = Release|Any CPU
	EndGlobalSection
	GlobalSection(SolutionProperties) = preSolution
		HideSolutionNode = FALSE
	EndGlobalSection
	GlobalSection(ExtensibilityGlobals) = postSolution
		SolutionGuid = {6AF8E90D-0AF6-41ED-B175-1C3A36D58E74}
	EndGlobalSection
EndGlobal
