
Microsoft Visual Studio Solution File, Format Version 12.00
# Visual Studio Version 17
VisualStudioVersion = 17.10.34928.147
MinimumVisualStudioVersion = 10.0.40219.1
Project("{FAE04EC0-301F-11D3-BF4B-00C04F79EFBC}") = "A039_Object", "A039_Object.csproj", "{FAECB1A3-151A-469E-8185-13BC376D4BF7}"
EndProject
Global
	GlobalSection(SolutionConfigurationPlatforms) = preSolution
		Debug|Any CPU = Debug|Any CPU
		Release|Any CPU = Release|Any CPU
	EndGlobalSection
	GlobalSection(ProjectConfigurationPlatforms) = postSolution
		{FAECB1A3-151A-469E-8185-13BC376D4BF7}.Debug|Any CPU.ActiveCfg = Debug|Any CPU
		{FAECB1A3-151A-469E-8185-13BC376D4BF7}.Debug|Any CPU.Build.0 = Debug|Any CPU
		{FAECB1A3-151A-469E-8185-13BC376D4BF7}.Release|Any CPU.ActiveCfg = Release|Any CPU
		{FAECB1A3-151A-469E-8185-13BC376D4BF7}.Release|Any CPU.Build.0 = Release|Any CPU
	EndGlobalSection
	GlobalSection(SolutionProperties) = preSolution
		HideSolutionNode = FALSE
	EndGlobalSection
	GlobalSection(ExtensibilityGlobals) = postSolution
		SolutionGuid = {73299C6A-AFAE-48FA-8B58-F2C1F2BB76AC}
	EndGlobalSection
EndGlobal
