
Microsoft Visual Studio Solution File, Format Version 12.00
# Visual Studio Version 17
VisualStudioVersion = 17.10.34928.147
MinimumVisualStudioVersion = 10.0.40219.1
Project("{FAE04EC0-301F-11D3-BF4B-00C04F79EFBC}") = "A058_ArrayClass", "A058_ArrayClass\A058_ArrayClass.csproj", "{FBA38580-DF7E-4E5A-BEFC-85BA673B2EE0}"
EndProject
Global
	GlobalSection(SolutionConfigurationPlatforms) = preSolution
		Debug|Any CPU = Debug|Any CPU
		Release|Any CPU = Release|Any CPU
	EndGlobalSection
	GlobalSection(ProjectConfigurationPlatforms) = postSolution
		{FBA38580-DF7E-4E5A-BEFC-85BA673B2EE0}.Debug|Any CPU.ActiveCfg = Debug|Any CPU
		{FBA38580-DF7E-4E5A-BEFC-85BA673B2EE0}.Debug|Any CPU.Build.0 = Debug|Any CPU
		{FBA38580-DF7E-4E5A-BEFC-85BA673B2EE0}.Release|Any CPU.ActiveCfg = Release|Any CPU
		{FBA38580-DF7E-4E5A-BEFC-85BA673B2EE0}.Release|Any CPU.Build.0 = Release|Any CPU
	EndGlobalSection
	GlobalSection(SolutionProperties) = preSolution
		HideSolutionNode = FALSE
	EndGlobalSection
	GlobalSection(ExtensibilityGlobals) = postSolution
		SolutionGuid = {CC0D75FC-C154-4678-877F-FE1D2DEE4782}
	EndGlobalSection
EndGlobal
