
Microsoft Visual Studio Solution File, Format Version 12.00
# Visual Studio Version 17
VisualStudioVersion = 17.9.34902.65
MinimumVisualStudioVersion = 10.0.40219.1
Project("{FAE04EC0-301F-11D3-BF4B-00C04F79EFBC}") = "A144_ListView", "A144_ListView.csproj", "{6FAE7766-3756-4FAA-A068-39C370CA2909}"
EndProject
Global
	GlobalSection(SolutionConfigurationPlatforms) = preSolution
		Debug|Any CPU = Debug|Any CPU
		Release|Any CPU = Release|Any CPU
	EndGlobalSection
	GlobalSection(ProjectConfigurationPlatforms) = postSolution
		{6FAE7766-3756-4FAA-A068-39C370CA2909}.Debug|Any CPU.ActiveCfg = Debug|Any CPU
		{6FAE7766-3756-4FAA-A068-39C370CA2909}.Debug|Any CPU.Build.0 = Debug|Any CPU
		{6FAE7766-3756-4FAA-A068-39C370CA2909}.Release|Any CPU.ActiveCfg = Release|Any CPU
		{6FAE7766-3756-4FAA-A068-39C370CA2909}.Release|Any CPU.Build.0 = Release|Any CPU
	EndGlobalSection
	GlobalSection(SolutionProperties) = preSolution
		HideSolutionNode = FALSE
	EndGlobalSection
	GlobalSection(ExtensibilityGlobals) = postSolution
		SolutionGuid = {F8C0BDA8-CB75-4C1B-B18E-48942FA8B566}
	EndGlobalSection
EndGlobal
