
Microsoft Visual Studio Solution File, Format Version 12.00
# Visual Studio Version 17
VisualStudioVersion = 17.10.34928.147
MinimumVisualStudioVersion = 10.0.40219.1
Project("{FAE04EC0-301F-11D3-BF4B-00C04F79EFBC}") = "A141_ComboBox", "A141_ComboBox.csproj", "{8E94B863-A1CC-40E5-9E65-87590D5B13AD}"
EndProject
Global
	GlobalSection(SolutionConfigurationPlatforms) = preSolution
		Debug|Any CPU = Debug|Any CPU
		Release|Any CPU = Release|Any CPU
	EndGlobalSection
	GlobalSection(ProjectConfigurationPlatforms) = postSolution
		{8E94B863-A1CC-40E5-9E65-87590D5B13AD}.Debug|Any CPU.ActiveCfg = Debug|Any CPU
		{8E94B863-A1CC-40E5-9E65-87590D5B13AD}.Debug|Any CPU.Build.0 = Debug|Any CPU
		{8E94B863-A1CC-40E5-9E65-87590D5B13AD}.Release|Any CPU.ActiveCfg = Release|Any CPU
		{8E94B863-A1CC-40E5-9E65-87590D5B13AD}.Release|Any CPU.Build.0 = Release|Any CPU
	EndGlobalSection
	GlobalSection(SolutionProperties) = preSolution
		HideSolutionNode = FALSE
	EndGlobalSection
	GlobalSection(ExtensibilityGlobals) = postSolution
		SolutionGuid = {507B8379-03CD-490F-8722-B0B1FD7237BF}
	EndGlobalSection
EndGlobal
