
Microsoft Visual Studio Solution File, Format Version 12.00
# Visual Studio Version 17
VisualStudioVersion = 17.4.33213.308
MinimumVisualStudioVersion = 10.0.40219.1
Project("{FAE04EC0-301F-11D3-BF4B-00C04F79EFBC}") = "A138_MaskedTextBox", "A138_MaskedTextBox.csproj", "{A5F17DDF-34D3-41E1-B7D7-2E1C9B6F12FE}"
EndProject
Global
	GlobalSection(SolutionConfigurationPlatforms) = preSolution
		Debug|Any CPU = Debug|Any CPU
		Release|Any CPU = Release|Any CPU
	EndGlobalSection
	GlobalSection(ProjectConfigurationPlatforms) = postSolution
		{A5F17DDF-34D3-41E1-B7D7-2E1C9B6F12FE}.Debug|Any CPU.ActiveCfg = Debug|Any CPU
		{A5F17DDF-34D3-41E1-B7D7-2E1C9B6F12FE}.Debug|Any CPU.Build.0 = Debug|Any CPU
		{A5F17DDF-34D3-41E1-B7D7-2E1C9B6F12FE}.Release|Any CPU.ActiveCfg = Release|Any CPU
		{A5F17DDF-34D3-41E1-B7D7-2E1C9B6F12FE}.Release|Any CPU.Build.0 = Release|Any CPU
	EndGlobalSection
	GlobalSection(SolutionProperties) = preSolution
		HideSolutionNode = FALSE
	EndGlobalSection
	GlobalSection(ExtensibilityGlobals) = postSolution
		SolutionGuid = {ED26BD7E-21FD-4F43-8C11-431849A8A622}
	EndGlobalSection
EndGlobal
