
Microsoft Visual Studio Solution File, Format Version 12.00
# Visual Studio Version 16
VisualStudioVersion = 25.0.1706.9
MinimumVisualStudioVersion = 10.0.40219.1
Project("{FAE04EC0-301F-11D3-BF4B-00C04F79EFBC}") = "A034_ValueAndReference", "A034_ValueAndReference.csproj", "{5125BFDB-F68B-4746-9293-6CBC74BF88F8}"
EndProject
Global
	GlobalSection(SolutionConfigurationPlatforms) = preSolution
		Debug|Any CPU = Debug|Any CPU
		Release|Any CPU = Release|Any CPU
	EndGlobalSection
	GlobalSection(ProjectConfigurationPlatforms) = postSolution
		{5125BFDB-F68B-4746-9293-6CBC74BF88F8}.Debug|Any CPU.ActiveCfg = Debug|Any CPU
		{5125BFDB-F68B-4746-9293-6CBC74BF88F8}.Debug|Any CPU.Build.0 = Debug|Any CPU
		{5125BFDB-F68B-4746-9293-6CBC74BF88F8}.Release|Any CPU.ActiveCfg = Release|Any CPU
		{5125BFDB-F68B-4746-9293-6CBC74BF88F8}.Release|Any CPU.Build.0 = Release|Any CPU
	EndGlobalSection
	GlobalSection(SolutionProperties) = preSolution
		HideSolutionNode = FALSE
	EndGlobalSection
	GlobalSection(ExtensibilityGlobals) = postSolution
		SolutionGuid = {4A684F62-0CFE-4E89-8BA7-91FD92A2227B}
	EndGlobalSection
EndGlobal
