
Microsoft Visual Studio Solution File, Format Version 12.00
# Visual Studio Version 17
VisualStudioVersion = 17.9.34902.65
MinimumVisualStudioVersion = 10.0.40219.1
Project("{FAE04EC0-301F-11D3-BF4B-00C04F79EFBC}") = "A039_Object", "A039_Object.csproj", "{9450E3C6-34A1-49F4-AABC-223DBBBE158B}"
EndProject
Global
	GlobalSection(SolutionConfigurationPlatforms) = preSolution
		Debug|Any CPU = Debug|Any CPU
		Release|Any CPU = Release|Any CPU
	EndGlobalSection
	GlobalSection(ProjectConfigurationPlatforms) = postSolution
		{9450E3C6-34A1-49F4-AABC-223DBBBE158B}.Debug|Any CPU.ActiveCfg = Debug|Any CPU
		{9450E3C6-34A1-49F4-AABC-223DBBBE158B}.Debug|Any CPU.Build.0 = Debug|Any CPU
		{9450E3C6-34A1-49F4-AABC-223DBBBE158B}.Release|Any CPU.ActiveCfg = Release|Any CPU
		{9450E3C6-34A1-49F4-AABC-223DBBBE158B}.Release|Any CPU.Build.0 = Release|Any CPU
	EndGlobalSection
	GlobalSection(SolutionProperties) = preSolution
		HideSolutionNode = FALSE
	EndGlobalSection
	GlobalSection(ExtensibilityGlobals) = postSolution
		SolutionGuid = {A438CE8C-2CAA-4BF0-A166-B1BE10B1B464}
	EndGlobalSection
EndGlobal
