
Microsoft Visual Studio Solution File, Format Version 12.00
# Visual Studio Version 17
VisualStudioVersion = 17.9.34622.214
MinimumVisualStudioVersion = 10.0.40219.1
Project("{FAE04EC0-301F-11D3-BF4B-00C04F79EFBC}") = "A138_MaskedTextBox", "A138_MaskedTextBox.csproj", "{C1223733-D4A2-48AD-B0BE-C5E713A2970B}"
EndProject
Global
	GlobalSection(SolutionConfigurationPlatforms) = preSolution
		Debug|Any CPU = Debug|Any CPU
		Release|Any CPU = Release|Any CPU
	EndGlobalSection
	GlobalSection(ProjectConfigurationPlatforms) = postSolution
		{C1223733-D4A2-48AD-B0BE-C5E713A2970B}.Debug|Any CPU.ActiveCfg = Debug|Any CPU
		{C1223733-D4A2-48AD-B0BE-C5E713A2970B}.Debug|Any CPU.Build.0 = Debug|Any CPU
		{C1223733-D4A2-48AD-B0BE-C5E713A2970B}.Release|Any CPU.ActiveCfg = Release|Any CPU
		{C1223733-D4A2-48AD-B0BE-C5E713A2970B}.Release|Any CPU.Build.0 = Release|Any CPU
	EndGlobalSection
	GlobalSection(SolutionProperties) = preSolution
		HideSolutionNode = FALSE
	EndGlobalSection
	GlobalSection(ExtensibilityGlobals) = postSolution
		SolutionGuid = {E1914874-8CB1-45A5-8A40-23B5782D7B5C}
	EndGlobalSection
EndGlobal
