
Microsoft Visual Studio Solution File, Format Version 12.00
# Visual Studio Version 17
VisualStudioVersion = 17.9.34728.123
MinimumVisualStudioVersion = 10.0.40219.1
Project("{FAE04EC0-301F-11D3-BF4B-00C04F79EFBC}") = "A036_NullConditionalOperator", "A036_NullConditionalOperator\A036_NullConditionalOperator.csproj", "{BF59426A-3392-48F2-8A7A-F51DDE4D0E1C}"
EndProject
Global
	GlobalSection(SolutionConfigurationPlatforms) = preSolution
		Debug|Any CPU = Debug|Any CPU
		Release|Any CPU = Release|Any CPU
	EndGlobalSection
	GlobalSection(ProjectConfigurationPlatforms) = postSolution
		{BF59426A-3392-48F2-8A7A-F51DDE4D0E1C}.Debug|Any CPU.ActiveCfg = Debug|Any CPU
		{BF59426A-3392-48F2-8A7A-F51DDE4D0E1C}.Debug|Any CPU.Build.0 = Debug|Any CPU
		{BF59426A-3392-48F2-8A7A-F51DDE4D0E1C}.Release|Any CPU.ActiveCfg = Release|Any CPU
		{BF59426A-3392-48F2-8A7A-F51DDE4D0E1C}.Release|Any CPU.Build.0 = Release|Any CPU
	EndGlobalSection
	GlobalSection(SolutionProperties) = preSolution
		HideSolutionNode = FALSE
	EndGlobalSection
	GlobalSection(ExtensibilityGlobals) = postSolution
		SolutionGuid = {77842B0F-70F4-4A49-B276-65799DF665C0}
	EndGlobalSection
EndGlobal
