
Microsoft Visual Studio Solution File, Format Version 12.00
# Visual Studio Version 17
VisualStudioVersion = 17.9.34728.123
MinimumVisualStudioVersion = 10.0.40219.1
Project("{FAE04EC0-301F-11D3-BF4B-00C04F79EFBC}") = "A144_ListView", "A144_ListView\A144_ListView.csproj", "{F3374A52-2D92-4FCA-95A4-ECDB813A032C}"
EndProject
Global
	GlobalSection(SolutionConfigurationPlatforms) = preSolution
		Debug|Any CPU = Debug|Any CPU
		Release|Any CPU = Release|Any CPU
	EndGlobalSection
	GlobalSection(ProjectConfigurationPlatforms) = postSolution
		{F3374A52-2D92-4FCA-95A4-ECDB813A032C}.Debug|Any CPU.ActiveCfg = Debug|Any CPU
		{F3374A52-2D92-4FCA-95A4-ECDB813A032C}.Debug|Any CPU.Build.0 = Debug|Any CPU
		{F3374A52-2D92-4FCA-95A4-ECDB813A032C}.Release|Any CPU.ActiveCfg = Release|Any CPU
		{F3374A52-2D92-4FCA-95A4-ECDB813A032C}.Release|Any CPU.Build.0 = Release|Any CPU
	EndGlobalSection
	GlobalSection(SolutionProperties) = preSolution
		HideSolutionNode = FALSE
	EndGlobalSection
	GlobalSection(ExtensibilityGlobals) = postSolution
		SolutionGuid = {117705D0-B99B-4187-A6EE-423189ECEB43}
	EndGlobalSection
EndGlobal
