
Microsoft Visual Studio Solution File, Format Version 12.00
# Visual Studio Version 17
VisualStudioVersion = 17.9.34622.214
MinimumVisualStudioVersion = 10.0.40219.1
Project("{FAE04EC0-301F-11D3-BF4B-00C04F79EFBC}") = "A058_ArrayClass", "A058_ArrayClass.csproj", "{4615B7C6-174D-4A43-A7E0-09AA53AF5124}"
EndProject
Global
	GlobalSection(SolutionConfigurationPlatforms) = preSolution
		Debug|Any CPU = Debug|Any CPU
		Release|Any CPU = Release|Any CPU
	EndGlobalSection
	GlobalSection(ProjectConfigurationPlatforms) = postSolution
		{4615B7C6-174D-4A43-A7E0-09AA53AF5124}.Debug|Any CPU.ActiveCfg = Debug|Any CPU
		{4615B7C6-174D-4A43-A7E0-09AA53AF5124}.Debug|Any CPU.Build.0 = Debug|Any CPU
		{4615B7C6-174D-4A43-A7E0-09AA53AF5124}.Release|Any CPU.ActiveCfg = Release|Any CPU
		{4615B7C6-174D-4A43-A7E0-09AA53AF5124}.Release|Any CPU.Build.0 = Release|Any CPU
	EndGlobalSection
	GlobalSection(SolutionProperties) = preSolution
		HideSolutionNode = FALSE
	EndGlobalSection
	GlobalSection(ExtensibilityGlobals) = postSolution
		SolutionGuid = {9C51AAE8-4158-497D-8B50-95AA72741361}
	EndGlobalSection
EndGlobal
