
Microsoft Visual Studio Solution File, Format Version 12.00
# Visual Studio Version 17
VisualStudioVersion = 17.9.34714.143
MinimumVisualStudioVersion = 10.0.40219.1
Project("{FAE04EC0-301F-11D3-BF4B-00C04F79EFBC}") = "A126_FormWithConsole", "A126_FormWithConsole.csproj", "{76D5D8AB-33FC-40E5-878A-DF554B5B088E}"
EndProject
Global
	GlobalSection(SolutionConfigurationPlatforms) = preSolution
		Debug|Any CPU = Debug|Any CPU
		Release|Any CPU = Release|Any CPU
	EndGlobalSection
	GlobalSection(ProjectConfigurationPlatforms) = postSolution
		{76D5D8AB-33FC-40E5-878A-DF554B5B088E}.Debug|Any CPU.ActiveCfg = Debug|Any CPU
		{76D5D8AB-33FC-40E5-878A-DF554B5B088E}.Debug|Any CPU.Build.0 = Debug|Any CPU
		{76D5D8AB-33FC-40E5-878A-DF554B5B088E}.Release|Any CPU.ActiveCfg = Release|Any CPU
		{76D5D8AB-33FC-40E5-878A-DF554B5B088E}.Release|Any CPU.Build.0 = Release|Any CPU
	EndGlobalSection
	GlobalSection(SolutionProperties) = preSolution
		HideSolutionNode = FALSE
	EndGlobalSection
	GlobalSection(ExtensibilityGlobals) = postSolution
		SolutionGuid = {851B9A77-4963-49EC-ACC6-B80B2F5782E4}
	EndGlobalSection
EndGlobal
