
Microsoft Visual Studio Solution File, Format Version 12.00
# Visual Studio Version 17
VisualStudioVersion = 17.9.34902.65
MinimumVisualStudioVersion = 10.0.40219.1
Project("{FAE04EC0-301F-11D3-BF4B-00C04F79EFBC}") = "A127_WinFormHello", "A127_WinFormHello.csproj", "{A638E8C1-E83D-4D44-8DE3-03A9430A3781}"
EndProject
Global
	GlobalSection(SolutionConfigurationPlatforms) = preSolution
		Debug|Any CPU = Debug|Any CPU
		Release|Any CPU = Release|Any CPU
	EndGlobalSection
	GlobalSection(ProjectConfigurationPlatforms) = postSolution
		{A638E8C1-E83D-4D44-8DE3-03A9430A3781}.Debug|Any CPU.ActiveCfg = Debug|Any CPU
		{A638E8C1-E83D-4D44-8DE3-03A9430A3781}.Debug|Any CPU.Build.0 = Debug|Any CPU
		{A638E8C1-E83D-4D44-8DE3-03A9430A3781}.Release|Any CPU.ActiveCfg = Release|Any CPU
		{A638E8C1-E83D-4D44-8DE3-03A9430A3781}.Release|Any CPU.Build.0 = Release|Any CPU
	EndGlobalSection
	GlobalSection(SolutionProperties) = preSolution
		HideSolutionNode = FALSE
	EndGlobalSection
	GlobalSection(ExtensibilityGlobals) = postSolution
		SolutionGuid = {B0C90174-F17F-4D69-9301-B5F7C1C10BE6}
	EndGlobalSection
EndGlobal
