
Microsoft Visual Studio Solution File, Format Version 12.00
# Visual Studio Version 16
VisualStudioVersion = 25.0.1706.9
MinimumVisualStudioVersion = 10.0.40219.1
Project("{FAE04EC0-301F-11D3-BF4B-00C04F79EFBC}") = "A037_Default", "A037_Default.csproj", "{AA4B23FC-36C9-4CAC-8982-FFB8780C46B2}"
EndProject
Global
	GlobalSection(SolutionConfigurationPlatforms) = preSolution
		Debug|Any CPU = Debug|Any CPU
		Release|Any CPU = Release|Any CPU
	EndGlobalSection
	GlobalSection(ProjectConfigurationPlatforms) = postSolution
		{AA4B23FC-36C9-4CAC-8982-FFB8780C46B2}.Debug|Any CPU.ActiveCfg = Debug|Any CPU
		{AA4B23FC-36C9-4CAC-8982-FFB8780C46B2}.Debug|Any CPU.Build.0 = Debug|Any CPU
		{AA4B23FC-36C9-4CAC-8982-FFB8780C46B2}.Release|Any CPU.ActiveCfg = Release|Any CPU
		{AA4B23FC-36C9-4CAC-8982-FFB8780C46B2}.Release|Any CPU.Build.0 = Release|Any CPU
	EndGlobalSection
	GlobalSection(SolutionProperties) = preSolution
		HideSolutionNode = FALSE
	EndGlobalSection
	GlobalSection(ExtensibilityGlobals) = postSolution
		SolutionGuid = {91A1B7AD-3173-4B83-AD84-39E38BE6E066}
	EndGlobalSection
EndGlobal
