
Microsoft Visual Studio Solution File, Format Version 12.00
# Visual Studio Version 17
VisualStudioVersion = 17.9.34616.47
MinimumVisualStudioVersion = 10.0.40219.1
Project("{FAE04EC0-301F-11D3-BF4B-00C04F79EFBC}") = "A134_CheckBox", "A134_CheckBox.csproj", "{14788480-1948-4091-9EA4-7A461DEF2475}"
EndProject
Global
	GlobalSection(SolutionConfigurationPlatforms) = preSolution
		Debug|Any CPU = Debug|Any CPU
		Release|Any CPU = Release|Any CPU
	EndGlobalSection
	GlobalSection(ProjectConfigurationPlatforms) = postSolution
		{14788480-1948-4091-9EA4-7A461DEF2475}.Debug|Any CPU.ActiveCfg = Debug|Any CPU
		{14788480-1948-4091-9EA4-7A461DEF2475}.Debug|Any CPU.Build.0 = Debug|Any CPU
		{14788480-1948-4091-9EA4-7A461DEF2475}.Release|Any CPU.ActiveCfg = Release|Any CPU
		{14788480-1948-4091-9EA4-7A461DEF2475}.Release|Any CPU.Build.0 = Release|Any CPU
	EndGlobalSection
	GlobalSection(SolutionProperties) = preSolution
		HideSolutionNode = FALSE
	EndGlobalSection
	GlobalSection(ExtensibilityGlobals) = postSolution
		SolutionGuid = {F54B7693-4136-4A13-990D-CDC2D1CEFD42}
	EndGlobalSection
EndGlobal
