
Microsoft Visual Studio Solution File, Format Version 12.00
# Visual Studio Version 17
VisualStudioVersion = 17.9.34616.47
MinimumVisualStudioVersion = 10.0.40219.1
Project("{FAE04EC0-301F-11D3-BF4B-00C04F79EFBC}") = "A136_Login", "A136_Login.csproj", "{55772881-04F0-4885-AD10-7781589B0A7F}"
EndProject
Global
	GlobalSection(SolutionConfigurationPlatforms) = preSolution
		Debug|Any CPU = Debug|Any CPU
		Release|Any CPU = Release|Any CPU
	EndGlobalSection
	GlobalSection(ProjectConfigurationPlatforms) = postSolution
		{55772881-04F0-4885-AD10-7781589B0A7F}.Debug|Any CPU.ActiveCfg = Debug|Any CPU
		{55772881-04F0-4885-AD10-7781589B0A7F}.Debug|Any CPU.Build.0 = Debug|Any CPU
		{55772881-04F0-4885-AD10-7781589B0A7F}.Release|Any CPU.ActiveCfg = Release|Any CPU
		{55772881-04F0-4885-AD10-7781589B0A7F}.Release|Any CPU.Build.0 = Release|Any CPU
	EndGlobalSection
	GlobalSection(SolutionProperties) = preSolution
		HideSolutionNode = FALSE
	EndGlobalSection
	GlobalSection(ExtensibilityGlobals) = postSolution
		SolutionGuid = {08ADEC7D-B504-420B-BE80-FCC651810339}
	EndGlobalSection
EndGlobal
