
Microsoft Visual Studio Solution File, Format Version 12.00
# Visual Studio Version 17
VisualStudioVersion = 17.9.34902.65
MinimumVisualStudioVersion = 10.0.40219.1
Project("{FAE04EC0-301F-11D3-BF4B-00C04F79EFBC}") = "A025_StringMethods", "A025_StringMethods.csproj", "{7B36D451-61C4-467A-B489-254D2E4479A1}"
EndProject
Global
	GlobalSection(SolutionConfigurationPlatforms) = preSolution
		Debug|Any CPU = Debug|Any CPU
		Release|Any CPU = Release|Any CPU
	EndGlobalSection
	GlobalSection(ProjectConfigurationPlatforms) = postSolution
		{7B36D451-61C4-467A-B489-254D2E4479A1}.Debug|Any CPU.ActiveCfg = Debug|Any CPU
		{7B36D451-61C4-467A-B489-254D2E4479A1}.Debug|Any CPU.Build.0 = Debug|Any CPU
		{7B36D451-61C4-467A-B489-254D2E4479A1}.Release|Any CPU.ActiveCfg = Release|Any CPU
		{7B36D451-61C4-467A-B489-254D2E4479A1}.Release|Any CPU.Build.0 = Release|Any CPU
	EndGlobalSection
	GlobalSection(SolutionProperties) = preSolution
		HideSolutionNode = FALSE
	EndGlobalSection
	GlobalSection(ExtensibilityGlobals) = postSolution
		SolutionGuid = {892CD872-4EAE-4A3C-8F7A-8335E64BE6F1}
	EndGlobalSection
EndGlobal
