
Microsoft Visual Studio Solution File, Format Version 12.00
# Visual Studio Version 17
VisualStudioVersion = 17.9.34728.123
MinimumVisualStudioVersion = 10.0.40219.1
Project("{FAE04EC0-301F-11D3-BF4B-00C04F79EFBC}") = "A029_StringFormat", "A029_StringFormat.csproj", "{864F6050-9D13-429F-A543-07B55654B78E}"
EndProject
Global
	GlobalSection(SolutionConfigurationPlatforms) = preSolution
		Debug|Any CPU = Debug|Any CPU
		Release|Any CPU = Release|Any CPU
	EndGlobalSection
	GlobalSection(ProjectConfigurationPlatforms) = postSolution
		{864F6050-9D13-429F-A543-07B55654B78E}.Debug|Any CPU.ActiveCfg = Debug|Any CPU
		{864F6050-9D13-429F-A543-07B55654B78E}.Debug|Any CPU.Build.0 = Debug|Any CPU
		{864F6050-9D13-429F-A543-07B55654B78E}.Release|Any CPU.ActiveCfg = Release|Any CPU
		{864F6050-9D13-429F-A543-07B55654B78E}.Release|Any CPU.Build.0 = Release|Any CPU
	EndGlobalSection
	GlobalSection(SolutionProperties) = preSolution
		HideSolutionNode = FALSE
	EndGlobalSection
	GlobalSection(ExtensibilityGlobals) = postSolution
		SolutionGuid = {36746966-F018-40C4-93F3-F5E770BEEB00}
	EndGlobalSection
EndGlobal
