
Microsoft Visual Studio Solution File, Format Version 12.00
# Visual Studio Version 17
VisualStudioVersion = 17.9.34622.214
MinimumVisualStudioVersion = 10.0.40219.1
Project("{FAE04EC0-301F-11D3-BF4B-00C04F79EFBC}") = "A137_ScoreCalc", "A137_ScoreCalc\A137_ScoreCalc.csproj", "{5DEA7B37-C825-4281-AE60-03B202F46904}"
EndProject
Global
	GlobalSection(SolutionConfigurationPlatforms) = preSolution
		Debug|Any CPU = Debug|Any CPU
		Release|Any CPU = Release|Any CPU
	EndGlobalSection
	GlobalSection(ProjectConfigurationPlatforms) = postSolution
		{5DEA7B37-C825-4281-AE60-03B202F46904}.Debug|Any CPU.ActiveCfg = Debug|Any CPU
		{5DEA7B37-C825-4281-AE60-03B202F46904}.Debug|Any CPU.Build.0 = Debug|Any CPU
		{5DEA7B37-C825-4281-AE60-03B202F46904}.Release|Any CPU.ActiveCfg = Release|Any CPU
		{5DEA7B37-C825-4281-AE60-03B202F46904}.Release|Any CPU.Build.0 = Release|Any CPU
	EndGlobalSection
	GlobalSection(SolutionProperties) = preSolution
		HideSolutionNode = FALSE
	EndGlobalSection
	GlobalSection(ExtensibilityGlobals) = postSolution
		SolutionGuid = {01EC2F04-CC1A-459E-AA2E-6CF86F2E30A0}
	EndGlobalSection
EndGlobal
