
Microsoft Visual Studio Solution File, Format Version 12.00
# Visual Studio Version 17
VisualStudioVersion = 17.9.34622.214
MinimumVisualStudioVersion = 10.0.40219.1
Project("{FAE04EC0-301F-11D3-BF4B-00C04F79EFBC}") = "A057_ArrayBasic", "A057_ArrayBasic.csproj", "{3D4A2B94-5FD1-4471-BF2D-37F64FA98F5A}"
EndProject
Global
	GlobalSection(SolutionConfigurationPlatforms) = preSolution
		Debug|Any CPU = Debug|Any CPU
		Release|Any CPU = Release|Any CPU
	EndGlobalSection
	GlobalSection(ProjectConfigurationPlatforms) = postSolution
		{3D4A2B94-5FD1-4471-BF2D-37F64FA98F5A}.Debug|Any CPU.ActiveCfg = Debug|Any CPU
		{3D4A2B94-5FD1-4471-BF2D-37F64FA98F5A}.Debug|Any CPU.Build.0 = Debug|Any CPU
		{3D4A2B94-5FD1-4471-BF2D-37F64FA98F5A}.Release|Any CPU.ActiveCfg = Release|Any CPU
		{3D4A2B94-5FD1-4471-BF2D-37F64FA98F5A}.Release|Any CPU.Build.0 = Release|Any CPU
	EndGlobalSection
	GlobalSection(SolutionProperties) = preSolution
		HideSolutionNode = FALSE
	EndGlobalSection
	GlobalSection(ExtensibilityGlobals) = postSolution
		SolutionGuid = {73ED3C37-B44D-4E74-8F2A-B5FE6E3F1993}
	EndGlobalSection
EndGlobal
