
Microsoft Visual Studio Solution File, Format Version 12.00
# Visual Studio Version 17
VisualStudioVersion = 17.9.34622.214
MinimumVisualStudioVersion = 10.0.40219.1
Project("{FAE04EC0-301F-11D3-BF4B-00C04F79EFBC}") = "A142_CheckedListBox", "A142_CheckedListBox\A142_CheckedListBox.csproj", "{BAA5E3F1-D733-4534-B1D7-DED922654EE2}"
EndProject
Global
	GlobalSection(SolutionConfigurationPlatforms) = preSolution
		Debug|Any CPU = Debug|Any CPU
		Release|Any CPU = Release|Any CPU
	EndGlobalSection
	GlobalSection(ProjectConfigurationPlatforms) = postSolution
		{BAA5E3F1-D733-4534-B1D7-DED922654EE2}.Debug|Any CPU.ActiveCfg = Debug|Any CPU
		{BAA5E3F1-D733-4534-B1D7-DED922654EE2}.Debug|Any CPU.Build.0 = Debug|Any CPU
		{BAA5E3F1-D733-4534-B1D7-DED922654EE2}.Release|Any CPU.ActiveCfg = Release|Any CPU
		{BAA5E3F1-D733-4534-B1D7-DED922654EE2}.Release|Any CPU.Build.0 = Release|Any CPU
	EndGlobalSection
	GlobalSection(SolutionProperties) = preSolution
		HideSolutionNode = FALSE
	EndGlobalSection
	GlobalSection(ExtensibilityGlobals) = postSolution
		SolutionGuid = {F6D2DEA3-D918-4D01-B384-08C187777C39}
	EndGlobalSection
EndGlobal
