
Microsoft Visual Studio Solution File, Format Version 12.00
# Visual Studio Version 17
VisualStudioVersion = 17.9.34622.214
MinimumVisualStudioVersion = 10.0.40219.1
Project("{FAE04EC0-301F-11D3-BF4B-00C04F79EFBC}") = "A127_WinFormHello", "A127_WinFormHello\A127_WinFormHello.csproj", "{3E931F09-36EB-428E-A97C-D28AF7E8ABEF}"
EndProject
Global
	GlobalSection(SolutionConfigurationPlatforms) = preSolution
		Debug|Any CPU = Debug|Any CPU
		Release|Any CPU = Release|Any CPU
	EndGlobalSection
	GlobalSection(ProjectConfigurationPlatforms) = postSolution
		{3E931F09-36EB-428E-A97C-D28AF7E8ABEF}.Debug|Any CPU.ActiveCfg = Debug|Any CPU
		{3E931F09-36EB-428E-A97C-D28AF7E8ABEF}.Debug|Any CPU.Build.0 = Debug|Any CPU
		{3E931F09-36EB-428E-A97C-D28AF7E8ABEF}.Release|Any CPU.ActiveCfg = Release|Any CPU
		{3E931F09-36EB-428E-A97C-D28AF7E8ABEF}.Release|Any CPU.Build.0 = Release|Any CPU
	EndGlobalSection
	GlobalSection(SolutionProperties) = preSolution
		HideSolutionNode = FALSE
	EndGlobalSection
	GlobalSection(ExtensibilityGlobals) = postSolution
		SolutionGuid = {F4C4B937-8187-4FE3-9743-CF3C047847E3}
	EndGlobalSection
EndGlobal
