
Microsoft Visual Studio Solution File, Format Version 12.00
# Visual Studio Version 17
VisualStudioVersion = 17.4.33213.308
MinimumVisualStudioVersion = 10.0.40219.1
Project("{FAE04EC0-301F-11D3-BF4B-00C04F79EFBC}") = "A144_ListView", "A144_ListView.csproj", "{3593D214-6FB2-46A6-83D1-6FE717BB028A}"
EndProject
Global
	GlobalSection(SolutionConfigurationPlatforms) = preSolution
		Debug|Any CPU = Debug|Any CPU
		Release|Any CPU = Release|Any CPU
	EndGlobalSection
	GlobalSection(ProjectConfigurationPlatforms) = postSolution
		{3593D214-6FB2-46A6-83D1-6FE717BB028A}.Debug|Any CPU.ActiveCfg = Debug|Any CPU
		{3593D214-6FB2-46A6-83D1-6FE717BB028A}.Debug|Any CPU.Build.0 = Debug|Any CPU
		{3593D214-6FB2-46A6-83D1-6FE717BB028A}.Release|Any CPU.ActiveCfg = Release|Any CPU
		{3593D214-6FB2-46A6-83D1-6FE717BB028A}.Release|Any CPU.Build.0 = Release|Any CPU
	EndGlobalSection
	GlobalSection(SolutionProperties) = preSolution
		HideSolutionNode = FALSE
	EndGlobalSection
	GlobalSection(ExtensibilityGlobals) = postSolution
		SolutionGuid = {88F38DB9-5C5D-4D4E-B4A5-937EB7E27C0C}
	EndGlobalSection
EndGlobal
