
Microsoft Visual Studio Solution File, Format Version 12.00
# Visual Studio Version 17
VisualStudioVersion = 17.9.34902.65
MinimumVisualStudioVersion = 10.0.40219.1
Project("{FAE04EC0-301F-11D3-BF4B-00C04F79EFBC}") = "A133_Flag", "A133_Flag.csproj", "{081FCDBB-BAB3-47F7-86DB-4D8247E9AC7A}"
EndProject
Global
	GlobalSection(SolutionConfigurationPlatforms) = preSolution
		Debug|Any CPU = Debug|Any CPU
		Release|Any CPU = Release|Any CPU
	EndGlobalSection
	GlobalSection(ProjectConfigurationPlatforms) = postSolution
		{081FCDBB-BAB3-47F7-86DB-4D8247E9AC7A}.Debug|Any CPU.ActiveCfg = Debug|Any CPU
		{081FCDBB-BAB3-47F7-86DB-4D8247E9AC7A}.Debug|Any CPU.Build.0 = Debug|Any CPU
		{081FCDBB-BAB3-47F7-86DB-4D8247E9AC7A}.Release|Any CPU.ActiveCfg = Release|Any CPU
		{081FCDBB-BAB3-47F7-86DB-4D8247E9AC7A}.Release|Any CPU.Build.0 = Release|Any CPU
	EndGlobalSection
	GlobalSection(SolutionProperties) = preSolution
		HideSolutionNode = FALSE
	EndGlobalSection
	GlobalSection(ExtensibilityGlobals) = postSolution
		SolutionGuid = {11309C02-D51F-46C4-AEC4-FEE7EC5B0419}
	EndGlobalSection
EndGlobal
