
Microsoft Visual Studio Solution File, Format Version 12.00
# Visual Studio Version 17
VisualStudioVersion = 17.4.33213.308
MinimumVisualStudioVersion = 10.0.40219.1
Project("{FAE04EC0-301F-11D3-BF4B-00C04F79EFBC}") = "A127_WinformHello", "A127_WinformHello.csproj", "{68A6651F-E5EC-41F3-ACA9-98C005F1DBD3}"
EndProject
Global
	GlobalSection(SolutionConfigurationPlatforms) = preSolution
		Debug|Any CPU = Debug|Any CPU
		Release|Any CPU = Release|Any CPU
	EndGlobalSection
	GlobalSection(ProjectConfigurationPlatforms) = postSolution
		{68A6651F-E5EC-41F3-ACA9-98C005F1DBD3}.Debug|Any CPU.ActiveCfg = Debug|Any CPU
		{68A6651F-E5EC-41F3-ACA9-98C005F1DBD3}.Debug|Any CPU.Build.0 = Debug|Any CPU
		{68A6651F-E5EC-41F3-ACA9-98C005F1DBD3}.Release|Any CPU.ActiveCfg = Release|Any CPU
		{68A6651F-E5EC-41F3-ACA9-98C005F1DBD3}.Release|Any CPU.Build.0 = Release|Any CPU
	EndGlobalSection
	GlobalSection(SolutionProperties) = preSolution
		HideSolutionNode = FALSE
	EndGlobalSection
	GlobalSection(ExtensibilityGlobals) = postSolution
		SolutionGuid = {C38386FD-20C4-4649-9840-6AE3F3D4BACC}
	EndGlobalSection
EndGlobal
