
Microsoft Visual Studio Solution File, Format Version 12.00
# Visual Studio Version 16
VisualStudioVersion = 25.0.1706.9
MinimumVisualStudioVersion = 10.0.40219.1
Project("{FAE04EC0-301F-11D3-BF4B-00C04F79EFBC}") = "A018_DivideByZero", "A018_DivideByZero\A018_DivideByZero.csproj", "{A0389834-FC33-44FE-8E45-6A70177A441B}"
EndProject
Global
	GlobalSection(SolutionConfigurationPlatforms) = preSolution
		Debug|Any CPU = Debug|Any CPU
		Release|Any CPU = Release|Any CPU
	EndGlobalSection
	GlobalSection(ProjectConfigurationPlatforms) = postSolution
		{A0389834-FC33-44FE-8E45-6A70177A441B}.Debug|Any CPU.ActiveCfg = Debug|Any CPU
		{A0389834-FC33-44FE-8E45-6A70177A441B}.Debug|Any CPU.Build.0 = Debug|Any CPU
		{A0389834-FC33-44FE-8E45-6A70177A441B}.Release|Any CPU.ActiveCfg = Release|Any CPU
		{A0389834-FC33-44FE-8E45-6A70177A441B}.Release|Any CPU.Build.0 = Release|Any CPU
	EndGlobalSection
	GlobalSection(SolutionProperties) = preSolution
		HideSolutionNode = FALSE
	EndGlobalSection
	GlobalSection(ExtensibilityGlobals) = postSolution
		SolutionGuid = {E8BA2BFC-F082-463F-87FA-946C539D2C69}
	EndGlobalSection
EndGlobal
