
Microsoft Visual Studio Solution File, Format Version 12.00
# Visual Studio Version 17
VisualStudioVersion = 17.9.34902.65
MinimumVisualStudioVersion = 10.0.40219.1
Project("{FAE04EC0-301F-11D3-BF4B-00C04F79EFBC}") = "A050_FindingPI", "A050_FindingPI.csproj", "{65EAA343-257C-4E42-A5EC-1703C6FF999A}"
EndProject
Global
	GlobalSection(SolutionConfigurationPlatforms) = preSolution
		Debug|Any CPU = Debug|Any CPU
		Release|Any CPU = Release|Any CPU
	EndGlobalSection
	GlobalSection(ProjectConfigurationPlatforms) = postSolution
		{65EAA343-257C-4E42-A5EC-1703C6FF999A}.Debug|Any CPU.ActiveCfg = Debug|Any CPU
		{65EAA343-257C-4E42-A5EC-1703C6FF999A}.Debug|Any CPU.Build.0 = Debug|Any CPU
		{65EAA343-257C-4E42-A5EC-1703C6FF999A}.Release|Any CPU.ActiveCfg = Release|Any CPU
		{65EAA343-257C-4E42-A5EC-1703C6FF999A}.Release|Any CPU.Build.0 = Release|Any CPU
	EndGlobalSection
	GlobalSection(SolutionProperties) = preSolution
		HideSolutionNode = FALSE
	EndGlobalSection
	GlobalSection(ExtensibilityGlobals) = postSolution
		SolutionGuid = {50184768-F7EE-4D4D-BD0A-4B125391347C}
	EndGlobalSection
EndGlobal
