
Microsoft Visual Studio Solution File, Format Version 12.00
# Visual Studio Version 17
VisualStudioVersion = 17.9.34622.214
MinimumVisualStudioVersion = 10.0.40219.1
Project("{FAE04EC0-301F-11D3-BF4B-00C04F79EFBC}") = "A126_FormWithConsole", "A126_FormWithConsole\A126_FormWithConsole.csproj", "{845568A6-57AF-4D4C-8271-134D030C48EC}"
EndProject
Global
	GlobalSection(SolutionConfigurationPlatforms) = preSolution
		Debug|Any CPU = Debug|Any CPU
		Release|Any CPU = Release|Any CPU
	EndGlobalSection
	GlobalSection(ProjectConfigurationPlatforms) = postSolution
		{845568A6-57AF-4D4C-8271-134D030C48EC}.Debug|Any CPU.ActiveCfg = Debug|Any CPU
		{845568A6-57AF-4D4C-8271-134D030C48EC}.Debug|Any CPU.Build.0 = Debug|Any CPU
		{845568A6-57AF-4D4C-8271-134D030C48EC}.Release|Any CPU.ActiveCfg = Release|Any CPU
		{845568A6-57AF-4D4C-8271-134D030C48EC}.Release|Any CPU.Build.0 = Release|Any CPU
	EndGlobalSection
	GlobalSection(SolutionProperties) = preSolution
		HideSolutionNode = FALSE
	EndGlobalSection
	GlobalSection(ExtensibilityGlobals) = postSolution
		SolutionGuid = {727CA317-1C05-4A02-827A-0A5BAC2B9644}
	EndGlobalSection
EndGlobal
