
Microsoft Visual Studio Solution File, Format Version 12.00
# Visual Studio Version 17
VisualStudioVersion = 17.9.34728.123
MinimumVisualStudioVersion = 10.0.40219.1
Project("{FAE04EC0-301F-11D3-BF4B-00C04F79EFBC}") = "047_Power", "047_Power\047_Power.csproj", "{DB3941DC-198C-43E9-85DB-3002525628DC}"
EndProject
Global
	GlobalSection(SolutionConfigurationPlatforms) = preSolution
		Debug|Any CPU = Debug|Any CPU
		Release|Any CPU = Release|Any CPU
	EndGlobalSection
	GlobalSection(ProjectConfigurationPlatforms) = postSolution
		{DB3941DC-198C-43E9-85DB-3002525628DC}.Debug|Any CPU.ActiveCfg = Debug|Any CPU
		{DB3941DC-198C-43E9-85DB-3002525628DC}.Debug|Any CPU.Build.0 = Debug|Any CPU
		{DB3941DC-198C-43E9-85DB-3002525628DC}.Release|Any CPU.ActiveCfg = Release|Any CPU
		{DB3941DC-198C-43E9-85DB-3002525628DC}.Release|Any CPU.Build.0 = Release|Any CPU
	EndGlobalSection
	GlobalSection(SolutionProperties) = preSolution
		HideSolutionNode = FALSE
	EndGlobalSection
	GlobalSection(ExtensibilityGlobals) = postSolution
		SolutionGuid = {9F557F9F-6E66-420E-A47D-31F237385D01}
	EndGlobalSection
EndGlobal
