
Microsoft Visual Studio Solution File, Format Version 12.00
# Visual Studio Version 17
VisualStudioVersion = 17.9.34728.123
MinimumVisualStudioVersion = 10.0.40219.1
Project("{FAE04EC0-301F-11D3-BF4B-00C04F79EFBC}") = "A139_RgbScrollBar", "A139_RgbScrollBar\A139_RgbScrollBar.csproj", "{F908A3C4-66A8-485E-85A5-B4C79A6211B3}"
EndProject
Global
	GlobalSection(SolutionConfigurationPlatforms) = preSolution
		Debug|Any CPU = Debug|Any CPU
		Release|Any CPU = Release|Any CPU
	EndGlobalSection
	GlobalSection(ProjectConfigurationPlatforms) = postSolution
		{F908A3C4-66A8-485E-85A5-B4C79A6211B3}.Debug|Any CPU.ActiveCfg = Debug|Any CPU
		{F908A3C4-66A8-485E-85A5-B4C79A6211B3}.Debug|Any CPU.Build.0 = Debug|Any CPU
		{F908A3C4-66A8-485E-85A5-B4C79A6211B3}.Release|Any CPU.ActiveCfg = Release|Any CPU
		{F908A3C4-66A8-485E-85A5-B4C79A6211B3}.Release|Any CPU.Build.0 = Release|Any CPU
	EndGlobalSection
	GlobalSection(SolutionProperties) = preSolution
		HideSolutionNode = FALSE
	EndGlobalSection
	GlobalSection(ExtensibilityGlobals) = postSolution
		SolutionGuid = {3F01DE19-9AA3-4099-A97E-A9320EC17A07}
	EndGlobalSection
EndGlobal
