
Microsoft Visual Studio Solution File, Format Version 12.00
# Visual Studio Version 17
VisualStudioVersion = 17.9.34622.214
MinimumVisualStudioVersion = 10.0.40219.1
Project("{FAE04EC0-301F-11D3-BF4B-00C04F79EFBC}") = "A140_ListBox", "A140_ListBox.csproj", "{2B322E3C-F4F0-4024-84EA-A3E36BBF94A6}"
EndProject
Global
	GlobalSection(SolutionConfigurationPlatforms) = preSolution
		Debug|Any CPU = Debug|Any CPU
		Release|Any CPU = Release|Any CPU
	EndGlobalSection
	GlobalSection(ProjectConfigurationPlatforms) = postSolution
		{2B322E3C-F4F0-4024-84EA-A3E36BBF94A6}.Debug|Any CPU.ActiveCfg = Debug|Any CPU
		{2B322E3C-F4F0-4024-84EA-A3E36BBF94A6}.Debug|Any CPU.Build.0 = Debug|Any CPU
		{2B322E3C-F4F0-4024-84EA-A3E36BBF94A6}.Release|Any CPU.ActiveCfg = Release|Any CPU
		{2B322E3C-F4F0-4024-84EA-A3E36BBF94A6}.Release|Any CPU.Build.0 = Release|Any CPU
	EndGlobalSection
	GlobalSection(SolutionProperties) = preSolution
		HideSolutionNode = FALSE
	EndGlobalSection
	GlobalSection(ExtensibilityGlobals) = postSolution
		SolutionGuid = {6E1A02FC-7055-4768-89D4-0C152FD0B929}
	EndGlobalSection
EndGlobal
