
Microsoft Visual Studio Solution File, Format Version 12.00
# Visual Studio Version 17
VisualStudioVersion = 17.10.34928.147
MinimumVisualStudioVersion = 10.0.40219.1
Project("{FAE04EC0-301F-11D3-BF4B-00C04F79EFBC}") = "A048_Factorial", "A048_Factorial\A048_Factorial.csproj", "{AD70A52B-31D5-4994-B13C-06F5DE24DA3C}"
EndProject
Global
	GlobalSection(SolutionConfigurationPlatforms) = preSolution
		Debug|Any CPU = Debug|Any CPU
		Release|Any CPU = Release|Any CPU
	EndGlobalSection
	GlobalSection(ProjectConfigurationPlatforms) = postSolution
		{AD70A52B-31D5-4994-B13C-06F5DE24DA3C}.Debug|Any CPU.ActiveCfg = Debug|Any CPU
		{AD70A52B-31D5-4994-B13C-06F5DE24DA3C}.Debug|Any CPU.Build.0 = Debug|Any CPU
		{AD70A52B-31D5-4994-B13C-06F5DE24DA3C}.Release|Any CPU.ActiveCfg = Release|Any CPU
		{AD70A52B-31D5-4994-B13C-06F5DE24DA3C}.Release|Any CPU.Build.0 = Release|Any CPU
	EndGlobalSection
	GlobalSection(SolutionProperties) = preSolution
		HideSolutionNode = FALSE
	EndGlobalSection
	GlobalSection(ExtensibilityGlobals) = postSolution
		SolutionGuid = {BE4D4104-AA6B-4390-BF7D-516A24BE85C1}
	EndGlobalSection
EndGlobal
