
Microsoft Visual Studio Solution File, Format Version 12.00
# Visual Studio Version 17
VisualStudioVersion = 17.9.34902.65
MinimumVisualStudioVersion = 10.0.40219.1
Project("{FAE04EC0-301F-11D3-BF4B-00C04F79EFBC}") = "A036_NullConditionalOperator", "A036_NullConditionalOperator.csproj", "{EE5049EF-8BD2-4576-8A41-89D02FC4AACA}"
EndProject
Global
	GlobalSection(SolutionConfigurationPlatforms) = preSolution
		Debug|Any CPU = Debug|Any CPU
		Release|Any CPU = Release|Any CPU
	EndGlobalSection
	GlobalSection(ProjectConfigurationPlatforms) = postSolution
		{EE5049EF-8BD2-4576-8A41-89D02FC4AACA}.Debug|Any CPU.ActiveCfg = Debug|Any CPU
		{EE5049EF-8BD2-4576-8A41-89D02FC4AACA}.Debug|Any CPU.Build.0 = Debug|Any CPU
		{EE5049EF-8BD2-4576-8A41-89D02FC4AACA}.Release|Any CPU.ActiveCfg = Release|Any CPU
		{EE5049EF-8BD2-4576-8A41-89D02FC4AACA}.Release|Any CPU.Build.0 = Release|Any CPU
	EndGlobalSection
	GlobalSection(SolutionProperties) = preSolution
		HideSolutionNode = FALSE
	EndGlobalSection
	GlobalSection(ExtensibilityGlobals) = postSolution
		SolutionGuid = {FAEEB863-B1A7-4710-8AAC-61F95F385E7A}
	EndGlobalSection
EndGlobal
