
Microsoft Visual Studio Solution File, Format Version 12.00
# Visual Studio Version 17
VisualStudioVersion = 17.9.34902.65
MinimumVisualStudioVersion = 10.0.40219.1
Project("{FAE04EC0-301F-11D3-BF4B-00C04F79EFBC}") = "A060_ArraySorting", "A060_ArraySorting.csproj", "{3819F0FA-92B2-44E1-BB15-E981CC939DC9}"
EndProject
Global
	GlobalSection(SolutionConfigurationPlatforms) = preSolution
		Debug|Any CPU = Debug|Any CPU
		Release|Any CPU = Release|Any CPU
	EndGlobalSection
	GlobalSection(ProjectConfigurationPlatforms) = postSolution
		{3819F0FA-92B2-44E1-BB15-E981CC939DC9}.Debug|Any CPU.ActiveCfg = Debug|Any CPU
		{3819F0FA-92B2-44E1-BB15-E981CC939DC9}.Debug|Any CPU.Build.0 = Debug|Any CPU
		{3819F0FA-92B2-44E1-BB15-E981CC939DC9}.Release|Any CPU.ActiveCfg = Release|Any CPU
		{3819F0FA-92B2-44E1-BB15-E981CC939DC9}.Release|Any CPU.Build.0 = Release|Any CPU
	EndGlobalSection
	GlobalSection(SolutionProperties) = preSolution
		HideSolutionNode = FALSE
	EndGlobalSection
	GlobalSection(ExtensibilityGlobals) = postSolution
		SolutionGuid = {1DD9F109-F5D2-485A-94D5-053FD6A9C52B}
	EndGlobalSection
EndGlobal
