
Microsoft Visual Studio Solution File, Format Version 12.00
# Visual Studio Version 17
VisualStudioVersion = 17.9.34616.47
MinimumVisualStudioVersion = 10.0.40219.1
Project("{FAE04EC0-301F-11D3-BF4B-00C04F79EFBC}") = "A127_WinForm으로 Hello World 프로그램 만들기", "A127_WinForm으로 Hello World 프로그램 만들기.csproj", "{C65BF663-3958-4FA2-A528-EE7663B655EA}"
EndProject
Global
	GlobalSection(SolutionConfigurationPlatforms) = preSolution
		Debug|Any CPU = Debug|Any CPU
		Release|Any CPU = Release|Any CPU
	EndGlobalSection
	GlobalSection(ProjectConfigurationPlatforms) = postSolution
		{C65BF663-3958-4FA2-A528-EE7663B655EA}.Debug|Any CPU.ActiveCfg = Debug|Any CPU
		{C65BF663-3958-4FA2-A528-EE7663B655EA}.Debug|Any CPU.Build.0 = Debug|Any CPU
		{C65BF663-3958-4FA2-A528-EE7663B655EA}.Release|Any CPU.ActiveCfg = Release|Any CPU
		{C65BF663-3958-4FA2-A528-EE7663B655EA}.Release|Any CPU.Build.0 = Release|Any CPU
	EndGlobalSection
	GlobalSection(SolutionProperties) = preSolution
		HideSolutionNode = FALSE
	EndGlobalSection
	GlobalSection(ExtensibilityGlobals) = postSolution
		SolutionGuid = {1921B3C5-B3A2-4664-AC4E-AD642839F53E}
	EndGlobalSection
EndGlobal
