
Microsoft Visual Studio Solution File, Format Version 12.00
# Visual Studio Version 17
VisualStudioVersion = 17.9.34622.214
MinimumVisualStudioVersion = 10.0.40219.1
Project("{FAE04EC0-301F-11D3-BF4B-00C04F79EFBC}") = "A034_ValueAndReference", "A034_ValueAndReference\A034_ValueAndReference.csproj", "{D1B0669A-1C21-40BA-8BB5-034B58981119}"
EndProject
Global
	GlobalSection(SolutionConfigurationPlatforms) = preSolution
		Debug|Any CPU = Debug|Any CPU
		Release|Any CPU = Release|Any CPU
	EndGlobalSection
	GlobalSection(ProjectConfigurationPlatforms) = postSolution
		{D1B0669A-1C21-40BA-8BB5-034B58981119}.Debug|Any CPU.ActiveCfg = Debug|Any CPU
		{D1B0669A-1C21-40BA-8BB5-034B58981119}.Debug|Any CPU.Build.0 = Debug|Any CPU
		{D1B0669A-1C21-40BA-8BB5-034B58981119}.Release|Any CPU.ActiveCfg = Release|Any CPU
		{D1B0669A-1C21-40BA-8BB5-034B58981119}.Release|Any CPU.Build.0 = Release|Any CPU
	EndGlobalSection
	GlobalSection(SolutionProperties) = preSolution
		HideSolutionNode = FALSE
	EndGlobalSection
	GlobalSection(ExtensibilityGlobals) = postSolution
		SolutionGuid = {3C8C1A5A-6D99-4324-AAB1-78DF2942BE4A}
	EndGlobalSection
EndGlobal
