
Microsoft Visual Studio Solution File, Format Version 12.00
# Visual Studio Version 17
VisualStudioVersion = 17.9.34622.214
MinimumVisualStudioVersion = 10.0.40219.1
Project("{FAE04EC0-301F-11D3-BF4B-00C04F79EFBC}") = "A036_NullConditionalOperator", "A036_NullConditionalOperator.csproj", "{B2ED16DA-7180-468B-9606-313577650361}"
EndProject
Global
	GlobalSection(SolutionConfigurationPlatforms) = preSolution
		Debug|Any CPU = Debug|Any CPU
		Release|Any CPU = Release|Any CPU
	EndGlobalSection
	GlobalSection(ProjectConfigurationPlatforms) = postSolution
		{B2ED16DA-7180-468B-9606-313577650361}.Debug|Any CPU.ActiveCfg = Debug|Any CPU
		{B2ED16DA-7180-468B-9606-313577650361}.Debug|Any CPU.Build.0 = Debug|Any CPU
		{B2ED16DA-7180-468B-9606-313577650361}.Release|Any CPU.ActiveCfg = Release|Any CPU
		{B2ED16DA-7180-468B-9606-313577650361}.Release|Any CPU.Build.0 = Release|Any CPU
	EndGlobalSection
	GlobalSection(SolutionProperties) = preSolution
		HideSolutionNode = FALSE
	EndGlobalSection
	GlobalSection(ExtensibilityGlobals) = postSolution
		SolutionGuid = {6B3F8A4E-8060-40A3-810F-9EA6698D610B}
	EndGlobalSection
EndGlobal
