
Microsoft Visual Studio Solution File, Format Version 12.00
# Visual Studio Version 17
VisualStudioVersion = 17.9.34622.214
MinimumVisualStudioVersion = 10.0.40219.1
Project("{FAE04EC0-301F-11D3-BF4B-00C04F79EFBC}") = "first", "first.csproj", "{8FEB6CF7-10BE-4BF9-9FA9-F279F6E9E3EA}"
EndProject
Project("{2150E333-8FDC-42A3-9474-1A3956D46DE8}") = "솔루션 항목", "솔루션 항목", "{D704B74B-3D7B-4E0F-BE9F-C76D8BCB26CF}"
EndProject
Global
	GlobalSection(SolutionConfigurationPlatforms) = preSolution
		Debug|Any CPU = Debug|Any CPU
		Release|Any CPU = Release|Any CPU
	EndGlobalSection
	GlobalSection(ProjectConfigurationPlatforms) = postSolution
		{8FEB6CF7-10BE-4BF9-9FA9-F279F6E9E3EA}.Debug|Any CPU.ActiveCfg = Debug|Any CPU
		{8FEB6CF7-10BE-4BF9-9FA9-F279F6E9E3EA}.Debug|Any CPU.Build.0 = Debug|Any CPU
		{8FEB6CF7-10BE-4BF9-9FA9-F279F6E9E3EA}.Release|Any CPU.ActiveCfg = Release|Any CPU
		{8FEB6CF7-10BE-4BF9-9FA9-F279F6E9E3EA}.Release|Any CPU.Build.0 = Release|Any CPU
	EndGlobalSection
	GlobalSection(SolutionProperties) = preSolution
		HideSolutionNode = FALSE
	EndGlobalSection
	GlobalSection(ExtensibilityGlobals) = postSolution
		SolutionGuid = {E3424EE9-A84C-4B37-8DF1-9B695D22F9FD}
	EndGlobalSection
EndGlobal
