
Microsoft Visual Studio Solution File, Format Version 12.00
# Visual Studio Version 17
VisualStudioVersion = 17.4.33213.308
MinimumVisualStudioVersion = 10.0.40219.1
Project("{FAE04EC0-301F-11D3-BF4B-00C04F79EFBC}") = "A129_FormClass", "A129_FormClass.csproj", "{6855D33B-6DF9-4992-AAF8-34737FC0D3FA}"
EndProject
Global
	GlobalSection(SolutionConfigurationPlatforms) = preSolution
		Debug|Any CPU = Debug|Any CPU
		Release|Any CPU = Release|Any CPU
	EndGlobalSection
	GlobalSection(ProjectConfigurationPlatforms) = postSolution
		{6855D33B-6DF9-4992-AAF8-34737FC0D3FA}.Debug|Any CPU.ActiveCfg = Debug|Any CPU
		{6855D33B-6DF9-4992-AAF8-34737FC0D3FA}.Debug|Any CPU.Build.0 = Debug|Any CPU
		{6855D33B-6DF9-4992-AAF8-34737FC0D3FA}.Release|Any CPU.ActiveCfg = Release|Any CPU
		{6855D33B-6DF9-4992-AAF8-34737FC0D3FA}.Release|Any CPU.Build.0 = Release|Any CPU
	EndGlobalSection
	GlobalSection(SolutionProperties) = preSolution
		HideSolutionNode = FALSE
	EndGlobalSection
	GlobalSection(ExtensibilityGlobals) = postSolution
		SolutionGuid = {ACA75333-6D70-44EE-AF73-08B7B5BA8DD0}
	EndGlobalSection
EndGlobal
