
Microsoft Visual Studio Solution File, Format Version 12.00
# Visual Studio Version 17
VisualStudioVersion = 17.9.34902.65
MinimumVisualStudioVersion = 10.0.40219.1
Project("{FAE04EC0-301F-11D3-BF4B-00C04F79EFBC}") = "A134_CheckBox", "A134_CheckBox.csproj", "{5E01E834-CAA2-4F6A-855F-4D79002D5168}"
EndProject
Global
	GlobalSection(SolutionConfigurationPlatforms) = preSolution
		Debug|Any CPU = Debug|Any CPU
		Release|Any CPU = Release|Any CPU
	EndGlobalSection
	GlobalSection(ProjectConfigurationPlatforms) = postSolution
		{5E01E834-CAA2-4F6A-855F-4D79002D5168}.Debug|Any CPU.ActiveCfg = Debug|Any CPU
		{5E01E834-CAA2-4F6A-855F-4D79002D5168}.Debug|Any CPU.Build.0 = Debug|Any CPU
		{5E01E834-CAA2-4F6A-855F-4D79002D5168}.Release|Any CPU.ActiveCfg = Release|Any CPU
		{5E01E834-CAA2-4F6A-855F-4D79002D5168}.Release|Any CPU.Build.0 = Release|Any CPU
	EndGlobalSection
	GlobalSection(SolutionProperties) = preSolution
		HideSolutionNode = FALSE
	EndGlobalSection
	GlobalSection(ExtensibilityGlobals) = postSolution
		SolutionGuid = {061EA208-6D31-47FC-9440-9B7DC2649646}
	EndGlobalSection
EndGlobal
