
Microsoft Visual Studio Solution File, Format Version 12.00
# Visual Studio Version 17
VisualStudioVersion = 17.10.34928.147
MinimumVisualStudioVersion = 10.0.40219.1
Project("{FAE04EC0-301F-11D3-BF4B-00C04F79EFBC}") = "A149DateTimePicker", "A149DateTimePicker\A149DateTimePicker.csproj", "{08ED7262-4297-4243-9897-A0108EDB9B47}"
EndProject
Global
	GlobalSection(SolutionConfigurationPlatforms) = preSolution
		Debug|Any CPU = Debug|Any CPU
		Release|Any CPU = Release|Any CPU
	EndGlobalSection
	GlobalSection(ProjectConfigurationPlatforms) = postSolution
		{08ED7262-4297-4243-9897-A0108EDB9B47}.Debug|Any CPU.ActiveCfg = Debug|Any CPU
		{08ED7262-4297-4243-9897-A0108EDB9B47}.Debug|Any CPU.Build.0 = Debug|Any CPU
		{08ED7262-4297-4243-9897-A0108EDB9B47}.Release|Any CPU.ActiveCfg = Release|Any CPU
		{08ED7262-4297-4243-9897-A0108EDB9B47}.Release|Any CPU.Build.0 = Release|Any CPU
	EndGlobalSection
	GlobalSection(SolutionProperties) = preSolution
		HideSolutionNode = FALSE
	EndGlobalSection
	GlobalSection(ExtensibilityGlobals) = postSolution
		SolutionGuid = {BAD0CF66-D9B1-4A19-90A1-7D17384915B1}
	EndGlobalSection
EndGlobal
