
Microsoft Visual Studio Solution File, Format Version 12.00
# Visual Studio Version 17
VisualStudioVersion = 17.9.34902.65
MinimumVisualStudioVersion = 10.0.40219.1
Project("{FAE04EC0-301F-11D3-BF4B-00C04F79EFBC}") = "A048 Factorial", "A048 Factorial.csproj", "{1A81925F-4F4F-49AF-A30F-BE10A87E2782}"
EndProject
Global
	GlobalSection(SolutionConfigurationPlatforms) = preSolution
		Debug|Any CPU = Debug|Any CPU
		Release|Any CPU = Release|Any CPU
	EndGlobalSection
	GlobalSection(ProjectConfigurationPlatforms) = postSolution
		{1A81925F-4F4F-49AF-A30F-BE10A87E2782}.Debug|Any CPU.ActiveCfg = Debug|Any CPU
		{1A81925F-4F4F-49AF-A30F-BE10A87E2782}.Debug|Any CPU.Build.0 = Debug|Any CPU
		{1A81925F-4F4F-49AF-A30F-BE10A87E2782}.Release|Any CPU.ActiveCfg = Release|Any CPU
		{1A81925F-4F4F-49AF-A30F-BE10A87E2782}.Release|Any CPU.Build.0 = Release|Any CPU
	EndGlobalSection
	GlobalSection(SolutionProperties) = preSolution
		HideSolutionNode = FALSE
	EndGlobalSection
	GlobalSection(ExtensibilityGlobals) = postSolution
		SolutionGuid = {EA757FE1-58D3-44A9-B089-02A88EA0BEA2}
	EndGlobalSection
EndGlobal
