
Microsoft Visual Studio Solution File, Format Version 12.00
# Visual Studio Version 17
VisualStudioVersion = 17.9.34622.214
MinimumVisualStudioVersion = 10.0.40219.1
Project("{FAE04EC0-301F-11D3-BF4B-00C04F79EFBC}") = "A139_RgbScrollBar", "A139_RgbScrollBar\A139_RgbScrollBar.csproj", "{44AC49B8-8928-4F31-A29F-907D9114ADAD}"
EndProject
Global
	GlobalSection(SolutionConfigurationPlatforms) = preSolution
		Debug|Any CPU = Debug|Any CPU
		Release|Any CPU = Release|Any CPU
	EndGlobalSection
	GlobalSection(ProjectConfigurationPlatforms) = postSolution
		{44AC49B8-8928-4F31-A29F-907D9114ADAD}.Debug|Any CPU.ActiveCfg = Debug|Any CPU
		{44AC49B8-8928-4F31-A29F-907D9114ADAD}.Debug|Any CPU.Build.0 = Debug|Any CPU
		{44AC49B8-8928-4F31-A29F-907D9114ADAD}.Release|Any CPU.ActiveCfg = Release|Any CPU
		{44AC49B8-8928-4F31-A29F-907D9114ADAD}.Release|Any CPU.Build.0 = Release|Any CPU
	EndGlobalSection
	GlobalSection(SolutionProperties) = preSolution
		HideSolutionNode = FALSE
	EndGlobalSection
	GlobalSection(ExtensibilityGlobals) = postSolution
		SolutionGuid = {1FEDA59F-4A4D-4A85-B433-69382126D38C}
	EndGlobalSection
EndGlobal
