
Microsoft Visual Studio Solution File, Format Version 12.00
# Visual Studio Version 17
VisualStudioVersion = 17.9.34622.214
MinimumVisualStudioVersion = 10.0.40219.1
Project("{FAE04EC0-301F-11D3-BF4B-00C04F79EFBC}") = "A138_MaskedTextBox", "A138_MaskedTextBox\A138_MaskedTextBox.csproj", "{8CFC25D4-136C-48D9-B577-1C5D93E6B233}"
EndProject
Global
	GlobalSection(SolutionConfigurationPlatforms) = preSolution
		Debug|Any CPU = Debug|Any CPU
		Release|Any CPU = Release|Any CPU
	EndGlobalSection
	GlobalSection(ProjectConfigurationPlatforms) = postSolution
		{8CFC25D4-136C-48D9-B577-1C5D93E6B233}.Debug|Any CPU.ActiveCfg = Debug|Any CPU
		{8CFC25D4-136C-48D9-B577-1C5D93E6B233}.Debug|Any CPU.Build.0 = Debug|Any CPU
		{8CFC25D4-136C-48D9-B577-1C5D93E6B233}.Release|Any CPU.ActiveCfg = Release|Any CPU
		{8CFC25D4-136C-48D9-B577-1C5D93E6B233}.Release|Any CPU.Build.0 = Release|Any CPU
	EndGlobalSection
	GlobalSection(SolutionProperties) = preSolution
		HideSolutionNode = FALSE
	EndGlobalSection
	GlobalSection(ExtensibilityGlobals) = postSolution
		SolutionGuid = {D1AA6F83-954E-4D78-B2A8-1F7039D8071E}
	EndGlobalSection
EndGlobal
