
Microsoft Visual Studio Solution File, Format Version 12.00
# Visual Studio Version 17
VisualStudioVersion = 17.9.34714.143
MinimumVisualStudioVersion = 10.0.40219.1
Project("{FAE04EC0-301F-11D3-BF4B-00C04F79EFBC}") = "A027_StringConcat", "A027_StringConcat.csproj", "{3BE18808-1C53-4D3A-AA36-9FEDF7DEAE2C}"
EndProject
Global
	GlobalSection(SolutionConfigurationPlatforms) = preSolution
		Debug|Any CPU = Debug|Any CPU
		Release|Any CPU = Release|Any CPU
	EndGlobalSection
	GlobalSection(ProjectConfigurationPlatforms) = postSolution
		{3BE18808-1C53-4D3A-AA36-9FEDF7DEAE2C}.Debug|Any CPU.ActiveCfg = Debug|Any CPU
		{3BE18808-1C53-4D3A-AA36-9FEDF7DEAE2C}.Debug|Any CPU.Build.0 = Debug|Any CPU
		{3BE18808-1C53-4D3A-AA36-9FEDF7DEAE2C}.Release|Any CPU.ActiveCfg = Release|Any CPU
		{3BE18808-1C53-4D3A-AA36-9FEDF7DEAE2C}.Release|Any CPU.Build.0 = Release|Any CPU
	EndGlobalSection
	GlobalSection(SolutionProperties) = preSolution
		HideSolutionNode = FALSE
	EndGlobalSection
	GlobalSection(ExtensibilityGlobals) = postSolution
		SolutionGuid = {D82860FB-FCAF-4E2F-B5BF-90F657981D16}
	EndGlobalSection
EndGlobal
