
Microsoft Visual Studio Solution File, Format Version 12.00
# Visual Studio Version 17
VisualStudioVersion = 17.10.34928.147
MinimumVisualStudioVersion = 10.0.40219.1
Project("{FAE04EC0-301F-11D3-BF4B-00C04F79EFBC}") = "A049_PrimeNumber", "A049_PrimeNumber.csproj", "{1BE68DEF-72A6-4E3A-995C-7FAE33073699}"
EndProject
Global
	GlobalSection(SolutionConfigurationPlatforms) = preSolution
		Debug|Any CPU = Debug|Any CPU
		Release|Any CPU = Release|Any CPU
	EndGlobalSection
	GlobalSection(ProjectConfigurationPlatforms) = postSolution
		{1BE68DEF-72A6-4E3A-995C-7FAE33073699}.Debug|Any CPU.ActiveCfg = Debug|Any CPU
		{1BE68DEF-72A6-4E3A-995C-7FAE33073699}.Debug|Any CPU.Build.0 = Debug|Any CPU
		{1BE68DEF-72A6-4E3A-995C-7FAE33073699}.Release|Any CPU.ActiveCfg = Release|Any CPU
		{1BE68DEF-72A6-4E3A-995C-7FAE33073699}.Release|Any CPU.Build.0 = Release|Any CPU
	EndGlobalSection
	GlobalSection(SolutionProperties) = preSolution
		HideSolutionNode = FALSE
	EndGlobalSection
	GlobalSection(ExtensibilityGlobals) = postSolution
		SolutionGuid = {31065A07-3BB7-46B5-B809-7C361D0408FE}
	EndGlobalSection
EndGlobal
