
Microsoft Visual Studio Solution File, Format Version 12.00
# Visual Studio Version 17
VisualStudioVersion = 17.9.34622.214
MinimumVisualStudioVersion = 10.0.40219.1
Project("{FAE04EC0-301F-11D3-BF4B-00C04F79EFBC}") = "A032_Enum", "A032_Enum.csproj", "{FEB25E69-4DD4-4C19-A7E3-808B4697C466}"
EndProject
Global
	GlobalSection(SolutionConfigurationPlatforms) = preSolution
		Debug|Any CPU = Debug|Any CPU
		Release|Any CPU = Release|Any CPU
	EndGlobalSection
	GlobalSection(ProjectConfigurationPlatforms) = postSolution
		{FEB25E69-4DD4-4C19-A7E3-808B4697C466}.Debug|Any CPU.ActiveCfg = Debug|Any CPU
		{FEB25E69-4DD4-4C19-A7E3-808B4697C466}.Debug|Any CPU.Build.0 = Debug|Any CPU
		{FEB25E69-4DD4-4C19-A7E3-808B4697C466}.Release|Any CPU.ActiveCfg = Release|Any CPU
		{FEB25E69-4DD4-4C19-A7E3-808B4697C466}.Release|Any CPU.Build.0 = Release|Any CPU
	EndGlobalSection
	GlobalSection(SolutionProperties) = preSolution
		HideSolutionNode = FALSE
	EndGlobalSection
	GlobalSection(ExtensibilityGlobals) = postSolution
		SolutionGuid = {D5493DCA-83D9-4D5E-BDA1-D9ACADCE83AB}
	EndGlobalSection
EndGlobal
