
Microsoft Visual Studio Solution File, Format Version 12.00
# Visual Studio Version 17
VisualStudioVersion = 17.9.34622.214
MinimumVisualStudioVersion = 10.0.40219.1
Project("{FAE04EC0-301F-11D3-BF4B-00C04F79EFBC}") = "A143_GradeCalc", "A143_GradeCalc\A143_GradeCalc.csproj", "{D7AFCBAF-33B1-4D4C-811F-3DC2DE8CF568}"
EndProject
Global
	GlobalSection(SolutionConfigurationPlatforms) = preSolution
		Debug|Any CPU = Debug|Any CPU
		Release|Any CPU = Release|Any CPU
	EndGlobalSection
	GlobalSection(ProjectConfigurationPlatforms) = postSolution
		{D7AFCBAF-33B1-4D4C-811F-3DC2DE8CF568}.Debug|Any CPU.ActiveCfg = Debug|Any CPU
		{D7AFCBAF-33B1-4D4C-811F-3DC2DE8CF568}.Debug|Any CPU.Build.0 = Debug|Any CPU
		{D7AFCBAF-33B1-4D4C-811F-3DC2DE8CF568}.Release|Any CPU.ActiveCfg = Release|Any CPU
		{D7AFCBAF-33B1-4D4C-811F-3DC2DE8CF568}.Release|Any CPU.Build.0 = Release|Any CPU
	EndGlobalSection
	GlobalSection(SolutionProperties) = preSolution
		HideSolutionNode = FALSE
	EndGlobalSection
	GlobalSection(ExtensibilityGlobals) = postSolution
		SolutionGuid = {197E7480-97C3-45F2-AFBA-B5DAFCB63B40}
	EndGlobalSection
EndGlobal
