
Microsoft Visual Studio Solution File, Format Version 12.00
# Visual Studio Version 17
VisualStudioVersion = 17.10.35004.147
MinimumVisualStudioVersion = 10.0.40219.1
Project("{FAE04EC0-301F-11D3-BF4B-00C04F79EFBC}") = "A151_MP3AlarmClock", "A151_MP3AlarmClock.csproj", "{BBE224C7-13DF-43C9-8139-378CD64DEB24}"
EndProject
Global
	GlobalSection(SolutionConfigurationPlatforms) = preSolution
		Debug|Any CPU = Debug|Any CPU
		Release|Any CPU = Release|Any CPU
	EndGlobalSection
	GlobalSection(ProjectConfigurationPlatforms) = postSolution
		{BBE224C7-13DF-43C9-8139-378CD64DEB24}.Debug|Any CPU.ActiveCfg = Debug|Any CPU
		{BBE224C7-13DF-43C9-8139-378CD64DEB24}.Debug|Any CPU.Build.0 = Debug|Any CPU
		{BBE224C7-13DF-43C9-8139-378CD64DEB24}.Release|Any CPU.ActiveCfg = Release|Any CPU
		{BBE224C7-13DF-43C9-8139-378CD64DEB24}.Release|Any CPU.Build.0 = Release|Any CPU
	EndGlobalSection
	GlobalSection(SolutionProperties) = preSolution
		HideSolutionNode = FALSE
	EndGlobalSection
	GlobalSection(ExtensibilityGlobals) = postSolution
		SolutionGuid = {0C609C22-29DD-42F2-BD96-3A8378588AAF}
	EndGlobalSection
EndGlobal
