
Microsoft Visual Studio Solution File, Format Version 12.00
# Visual Studio Version 17
VisualStudioVersion = 17.4.33213.308
MinimumVisualStudioVersion = 10.0.40219.1
Project("{FAE04EC0-301F-11D3-BF4B-00C04F79EFBC}") = "A018_DivideByZero", "A018_DivideByZero.csproj", "{6EA339FF-77BD-40DC-B1A7-ACCA4D5BC9C1}"
EndProject
Global
	GlobalSection(SolutionConfigurationPlatforms) = preSolution
		Debug|Any CPU = Debug|Any CPU
		Release|Any CPU = Release|Any CPU
	EndGlobalSection
	GlobalSection(ProjectConfigurationPlatforms) = postSolution
		{6EA339FF-77BD-40DC-B1A7-ACCA4D5BC9C1}.Debug|Any CPU.ActiveCfg = Debug|Any CPU
		{6EA339FF-77BD-40DC-B1A7-ACCA4D5BC9C1}.Debug|Any CPU.Build.0 = Debug|Any CPU
		{6EA339FF-77BD-40DC-B1A7-ACCA4D5BC9C1}.Release|Any CPU.ActiveCfg = Release|Any CPU
		{6EA339FF-77BD-40DC-B1A7-ACCA4D5BC9C1}.Release|Any CPU.Build.0 = Release|Any CPU
	EndGlobalSection
	GlobalSection(SolutionProperties) = preSolution
		HideSolutionNode = FALSE
	EndGlobalSection
	GlobalSection(ExtensibilityGlobals) = postSolution
		SolutionGuid = {61871370-9A0B-4729-A511-01EC4528F029}
	EndGlobalSection
EndGlobal
