
Microsoft Visual Studio Solution File, Format Version 12.00
# Visual Studio Version 17
VisualStudioVersion = 17.9.34616.47
MinimumVisualStudioVersion = 10.0.40219.1
Project("{FAE04EC0-301F-11D3-BF4B-00C04F79EFBC}") = "A140_ListBox", "A140_ListBox.csproj", "{F1CDB1BA-EDFD-484A-837D-F16DDF27A98E}"
EndProject
Global
	GlobalSection(SolutionConfigurationPlatforms) = preSolution
		Debug|Any CPU = Debug|Any CPU
		Release|Any CPU = Release|Any CPU
	EndGlobalSection
	GlobalSection(ProjectConfigurationPlatforms) = postSolution
		{F1CDB1BA-EDFD-484A-837D-F16DDF27A98E}.Debug|Any CPU.ActiveCfg = Debug|Any CPU
		{F1CDB1BA-EDFD-484A-837D-F16DDF27A98E}.Debug|Any CPU.Build.0 = Debug|Any CPU
		{F1CDB1BA-EDFD-484A-837D-F16DDF27A98E}.Release|Any CPU.ActiveCfg = Release|Any CPU
		{F1CDB1BA-EDFD-484A-837D-F16DDF27A98E}.Release|Any CPU.Build.0 = Release|Any CPU
	EndGlobalSection
	GlobalSection(SolutionProperties) = preSolution
		HideSolutionNode = FALSE
	EndGlobalSection
	GlobalSection(ExtensibilityGlobals) = postSolution
		SolutionGuid = {5B1EDD58-BEA5-49FB-B765-B215E71F74CF}
	EndGlobalSection
EndGlobal
