
Microsoft Visual Studio Solution File, Format Version 12.00
# Visual Studio Version 17
VisualStudioVersion = 17.9.34714.143
MinimumVisualStudioVersion = 10.0.40219.1
Project("{FAE04EC0-301F-11D3-BF4B-00C04F79EFBC}") = "A013_TypeConversion", "A013_TypeConversion.csproj", "{86C5E0F5-FBC7-460B-958E-50DAF950907A}"
EndProject
Global
	GlobalSection(SolutionConfigurationPlatforms) = preSolution
		Debug|Any CPU = Debug|Any CPU
		Release|Any CPU = Release|Any CPU
	EndGlobalSection
	GlobalSection(ProjectConfigurationPlatforms) = postSolution
		{86C5E0F5-FBC7-460B-958E-50DAF950907A}.Debug|Any CPU.ActiveCfg = Debug|Any CPU
		{86C5E0F5-FBC7-460B-958E-50DAF950907A}.Debug|Any CPU.Build.0 = Debug|Any CPU
		{86C5E0F5-FBC7-460B-958E-50DAF950907A}.Release|Any CPU.ActiveCfg = Release|Any CPU
		{86C5E0F5-FBC7-460B-958E-50DAF950907A}.Release|Any CPU.Build.0 = Release|Any CPU
	EndGlobalSection
	GlobalSection(SolutionProperties) = preSolution
		HideSolutionNode = FALSE
	EndGlobalSection
	GlobalSection(ExtensibilityGlobals) = postSolution
		SolutionGuid = {291EE29E-650E-4B81-84D4-48CE76973ACF}
	EndGlobalSection
EndGlobal
