
Microsoft Visual Studio Solution File, Format Version 12.00
# Visual Studio Version 17
VisualStudioVersion = 17.4.33213.308
MinimumVisualStudioVersion = 10.0.40219.1
Project("{FAE04EC0-301F-11D3-BF4B-00C04F79EFBC}") = "A048_Factorial", "A048_Factorial.csproj", "{ADE5FF3E-449F-42E1-A028-716407BC4450}"
EndProject
Global
	GlobalSection(SolutionConfigurationPlatforms) = preSolution
		Debug|Any CPU = Debug|Any CPU
		Release|Any CPU = Release|Any CPU
	EndGlobalSection
	GlobalSection(ProjectConfigurationPlatforms) = postSolution
		{ADE5FF3E-449F-42E1-A028-716407BC4450}.Debug|Any CPU.ActiveCfg = Debug|Any CPU
		{ADE5FF3E-449F-42E1-A028-716407BC4450}.Debug|Any CPU.Build.0 = Debug|Any CPU
		{ADE5FF3E-449F-42E1-A028-716407BC4450}.Release|Any CPU.ActiveCfg = Release|Any CPU
		{ADE5FF3E-449F-42E1-A028-716407BC4450}.Release|Any CPU.Build.0 = Release|Any CPU
	EndGlobalSection
	GlobalSection(SolutionProperties) = preSolution
		HideSolutionNode = FALSE
	EndGlobalSection
	GlobalSection(ExtensibilityGlobals) = postSolution
		SolutionGuid = {8950A8C3-C381-4A46-96CD-4AC9EB2010D6}
	EndGlobalSection
EndGlobal
