
Microsoft Visual Studio Solution File, Format Version 12.00
# Visual Studio Version 17
VisualStudioVersion = 17.9.34902.65
MinimumVisualStudioVersion = 10.0.40219.1
Project("{FAE04EC0-301F-11D3-BF4B-00C04F79EFBC}") = "A140_ListBox", "A140_ListBox.csproj", "{6E871F62-F279-4DC1-A308-33DA20DCA99D}"
EndProject
Global
	GlobalSection(SolutionConfigurationPlatforms) = preSolution
		Debug|Any CPU = Debug|Any CPU
		Release|Any CPU = Release|Any CPU
	EndGlobalSection
	GlobalSection(ProjectConfigurationPlatforms) = postSolution
		{6E871F62-F279-4DC1-A308-33DA20DCA99D}.Debug|Any CPU.ActiveCfg = Debug|Any CPU
		{6E871F62-F279-4DC1-A308-33DA20DCA99D}.Debug|Any CPU.Build.0 = Debug|Any CPU
		{6E871F62-F279-4DC1-A308-33DA20DCA99D}.Release|Any CPU.ActiveCfg = Release|Any CPU
		{6E871F62-F279-4DC1-A308-33DA20DCA99D}.Release|Any CPU.Build.0 = Release|Any CPU
	EndGlobalSection
	GlobalSection(SolutionProperties) = preSolution
		HideSolutionNode = FALSE
	EndGlobalSection
	GlobalSection(ExtensibilityGlobals) = postSolution
		SolutionGuid = {39ACA0DC-9608-4A11-9B5D-86280A76FC0C}
	EndGlobalSection
EndGlobal
