
Microsoft Visual Studio Solution File, Format Version 12.00
# Visual Studio Version 17
VisualStudioVersion = 17.9.34902.65
MinimumVisualStudioVersion = 10.0.40219.1
Project("{FAE04EC0-301F-11D3-BF4B-00C04F79EFBC}") = "A135_RadioButton", "A135_RadioButton.csproj", "{859D59F9-0E68-453E-BD43-0AC6E94BD4C2}"
EndProject
Global
	GlobalSection(SolutionConfigurationPlatforms) = preSolution
		Debug|Any CPU = Debug|Any CPU
		Release|Any CPU = Release|Any CPU
	EndGlobalSection
	GlobalSection(ProjectConfigurationPlatforms) = postSolution
		{859D59F9-0E68-453E-BD43-0AC6E94BD4C2}.Debug|Any CPU.ActiveCfg = Debug|Any CPU
		{859D59F9-0E68-453E-BD43-0AC6E94BD4C2}.Debug|Any CPU.Build.0 = Debug|Any CPU
		{859D59F9-0E68-453E-BD43-0AC6E94BD4C2}.Release|Any CPU.ActiveCfg = Release|Any CPU
		{859D59F9-0E68-453E-BD43-0AC6E94BD4C2}.Release|Any CPU.Build.0 = Release|Any CPU
	EndGlobalSection
	GlobalSection(SolutionProperties) = preSolution
		HideSolutionNode = FALSE
	EndGlobalSection
	GlobalSection(ExtensibilityGlobals) = postSolution
		SolutionGuid = {21F39156-4D6E-41AC-8B89-005C7D13E528}
	EndGlobalSection
EndGlobal
