
Microsoft Visual Studio Solution File, Format Version 12.00
# Visual Studio Version 17
VisualStudioVersion = 17.9.34622.214
MinimumVisualStudioVersion = 10.0.40219.1
Project("{FAE04EC0-301F-11D3-BF4B-00C04F79EFBC}") = "A018_DivideByZero", "A018_DivideByZero.csproj", "{34038F5B-2A47-4D3E-AFC2-D7251CF80F48}"
EndProject
Global
	GlobalSection(SolutionConfigurationPlatforms) = preSolution
		Debug|Any CPU = Debug|Any CPU
		Release|Any CPU = Release|Any CPU
	EndGlobalSection
	GlobalSection(ProjectConfigurationPlatforms) = postSolution
		{34038F5B-2A47-4D3E-AFC2-D7251CF80F48}.Debug|Any CPU.ActiveCfg = Debug|Any CPU
		{34038F5B-2A47-4D3E-AFC2-D7251CF80F48}.Debug|Any CPU.Build.0 = Debug|Any CPU
		{34038F5B-2A47-4D3E-AFC2-D7251CF80F48}.Release|Any CPU.ActiveCfg = Release|Any CPU
		{34038F5B-2A47-4D3E-AFC2-D7251CF80F48}.Release|Any CPU.Build.0 = Release|Any CPU
	EndGlobalSection
	GlobalSection(SolutionProperties) = preSolution
		HideSolutionNode = FALSE
	EndGlobalSection
	GlobalSection(ExtensibilityGlobals) = postSolution
		SolutionGuid = {59F32ABC-E632-4974-BA31-1C40D0169492}
	EndGlobalSection
EndGlobal
