
Microsoft Visual Studio Solution File, Format Version 12.00
# Visual Studio Version 16
VisualStudioVersion = 25.0.1706.9
MinimumVisualStudioVersion = 10.0.40219.1
Project("{FAE04EC0-301F-11D3-BF4B-00C04F79EFBC}") = "A032_Enum", "A032_Enum.csproj", "{87CCD1C9-F65D-4787-BFE5-ACCD354E508A}"
EndProject
Global
	GlobalSection(SolutionConfigurationPlatforms) = preSolution
		Debug|Any CPU = Debug|Any CPU
		Release|Any CPU = Release|Any CPU
	EndGlobalSection
	GlobalSection(ProjectConfigurationPlatforms) = postSolution
		{87CCD1C9-F65D-4787-BFE5-ACCD354E508A}.Debug|Any CPU.ActiveCfg = Debug|Any CPU
		{87CCD1C9-F65D-4787-BFE5-ACCD354E508A}.Debug|Any CPU.Build.0 = Debug|Any CPU
		{87CCD1C9-F65D-4787-BFE5-ACCD354E508A}.Release|Any CPU.ActiveCfg = Release|Any CPU
		{87CCD1C9-F65D-4787-BFE5-ACCD354E508A}.Release|Any CPU.Build.0 = Release|Any CPU
	EndGlobalSection
	GlobalSection(SolutionProperties) = preSolution
		HideSolutionNode = FALSE
	EndGlobalSection
	GlobalSection(ExtensibilityGlobals) = postSolution
		SolutionGuid = {106D7853-858B-4F17-8E8C-F6942ECE1AF6}
	EndGlobalSection
EndGlobal
