
Microsoft Visual Studio Solution File, Format Version 12.00
# Visual Studio Version 17
VisualStudioVersion = 17.9.34622.214
MinimumVisualStudioVersion = 10.0.40219.1
Project("{FAE04EC0-301F-11D3-BF4B-00C04F79EFBC}") = "A137_ScoreCalc", "A137_ScoreCalc.csproj", "{11D272E5-D39A-4590-8DD2-640B78B3C30B}"
EndProject
Global
	GlobalSection(SolutionConfigurationPlatforms) = preSolution
		Debug|Any CPU = Debug|Any CPU
		Release|Any CPU = Release|Any CPU
	EndGlobalSection
	GlobalSection(ProjectConfigurationPlatforms) = postSolution
		{11D272E5-D39A-4590-8DD2-640B78B3C30B}.Debug|Any CPU.ActiveCfg = Debug|Any CPU
		{11D272E5-D39A-4590-8DD2-640B78B3C30B}.Debug|Any CPU.Build.0 = Debug|Any CPU
		{11D272E5-D39A-4590-8DD2-640B78B3C30B}.Release|Any CPU.ActiveCfg = Release|Any CPU
		{11D272E5-D39A-4590-8DD2-640B78B3C30B}.Release|Any CPU.Build.0 = Release|Any CPU
	EndGlobalSection
	GlobalSection(SolutionProperties) = preSolution
		HideSolutionNode = FALSE
	EndGlobalSection
	GlobalSection(ExtensibilityGlobals) = postSolution
		SolutionGuid = {133B490F-355B-48FA-BFF1-BDAA6A8B9CD2}
	EndGlobalSection
EndGlobal
