
Microsoft Visual Studio Solution File, Format Version 12.00
# Visual Studio Version 17
VisualStudioVersion = 17.9.34902.65
MinimumVisualStudioVersion = 10.0.40219.1
Project("{FAE04EC0-301F-11D3-BF4B-00C04F79EFBC}") = "A143_GradeCalc", "A143_GradeCalc.csproj", "{C6FC9D31-19BD-414B-99CE-DC8726336279}"
EndProject
Global
	GlobalSection(SolutionConfigurationPlatforms) = preSolution
		Debug|Any CPU = Debug|Any CPU
		Release|Any CPU = Release|Any CPU
	EndGlobalSection
	GlobalSection(ProjectConfigurationPlatforms) = postSolution
		{C6FC9D31-19BD-414B-99CE-DC8726336279}.Debug|Any CPU.ActiveCfg = Debug|Any CPU
		{C6FC9D31-19BD-414B-99CE-DC8726336279}.Debug|Any CPU.Build.0 = Debug|Any CPU
		{C6FC9D31-19BD-414B-99CE-DC8726336279}.Release|Any CPU.ActiveCfg = Release|Any CPU
		{C6FC9D31-19BD-414B-99CE-DC8726336279}.Release|Any CPU.Build.0 = Release|Any CPU
	EndGlobalSection
	GlobalSection(SolutionProperties) = preSolution
		HideSolutionNode = FALSE
	EndGlobalSection
	GlobalSection(ExtensibilityGlobals) = postSolution
		SolutionGuid = {F7FE3834-C6EE-4D39-9C72-AE2A095A3089}
	EndGlobalSection
EndGlobal
