
Microsoft Visual Studio Solution File, Format Version 12.00
# Visual Studio Version 17
VisualStudioVersion = 17.10.35004.147
MinimumVisualStudioVersion = 10.0.40219.1
Project("{FAE04EC0-301F-11D3-BF4B-00C04F79EFBC}") = "A152_WMP", "A152_WMP.csproj", "{D541E295-3CE3-45F7-AD06-79BBC34F509E}"
EndProject
Global
	GlobalSection(SolutionConfigurationPlatforms) = preSolution
		Debug|Any CPU = Debug|Any CPU
		Release|Any CPU = Release|Any CPU
	EndGlobalSection
	GlobalSection(ProjectConfigurationPlatforms) = postSolution
		{D541E295-3CE3-45F7-AD06-79BBC34F509E}.Debug|Any CPU.ActiveCfg = Debug|Any CPU
		{D541E295-3CE3-45F7-AD06-79BBC34F509E}.Debug|Any CPU.Build.0 = Debug|Any CPU
		{D541E295-3CE3-45F7-AD06-79BBC34F509E}.Release|Any CPU.ActiveCfg = Release|Any CPU
		{D541E295-3CE3-45F7-AD06-79BBC34F509E}.Release|Any CPU.Build.0 = Release|Any CPU
	EndGlobalSection
	GlobalSection(SolutionProperties) = preSolution
		HideSolutionNode = FALSE
	EndGlobalSection
	GlobalSection(ExtensibilityGlobals) = postSolution
		SolutionGuid = {CB454765-4F3F-4521-8DC7-649088F0E768}
	EndGlobalSection
EndGlobal
