
Microsoft Visual Studio Solution File, Format Version 12.00
# Visual Studio Version 17
VisualStudioVersion = 17.9.34616.47
MinimumVisualStudioVersion = 10.0.40219.1
Project("{FAE04EC0-301F-11D3-BF4B-00C04F79EFBC}") = "A038_Nullable", "A038_Nullable.csproj", "{4E177C61-724D-4EEA-BFD2-B16A1BA2038D}"
EndProject
Global
	GlobalSection(SolutionConfigurationPlatforms) = preSolution
		Debug|Any CPU = Debug|Any CPU
		Release|Any CPU = Release|Any CPU
	EndGlobalSection
	GlobalSection(ProjectConfigurationPlatforms) = postSolution
		{4E177C61-724D-4EEA-BFD2-B16A1BA2038D}.Debug|Any CPU.ActiveCfg = Debug|Any CPU
		{4E177C61-724D-4EEA-BFD2-B16A1BA2038D}.Debug|Any CPU.Build.0 = Debug|Any CPU
		{4E177C61-724D-4EEA-BFD2-B16A1BA2038D}.Release|Any CPU.ActiveCfg = Release|Any CPU
		{4E177C61-724D-4EEA-BFD2-B16A1BA2038D}.Release|Any CPU.Build.0 = Release|Any CPU
	EndGlobalSection
	GlobalSection(SolutionProperties) = preSolution
		HideSolutionNode = FALSE
	EndGlobalSection
	GlobalSection(ExtensibilityGlobals) = postSolution
		SolutionGuid = {1812F88E-4638-4023-9FDD-751130077BAD}
	EndGlobalSection
EndGlobal
