
Microsoft Visual Studio Solution File, Format Version 12.00
# Visual Studio Version 17
VisualStudioVersion = 17.9.34622.214
MinimumVisualStudioVersion = 10.0.40219.1
Project("{FAE04EC0-301F-11D3-BF4B-00C04F79EFBC}") = "A130_MessageBox", "A130_MessageBox\A130_MessageBox.csproj", "{6759CE27-4B80-495F-BF25-3927C83C2548}"
EndProject
Global
	GlobalSection(SolutionConfigurationPlatforms) = preSolution
		Debug|Any CPU = Debug|Any CPU
		Release|Any CPU = Release|Any CPU
	EndGlobalSection
	GlobalSection(ProjectConfigurationPlatforms) = postSolution
		{6759CE27-4B80-495F-BF25-3927C83C2548}.Debug|Any CPU.ActiveCfg = Debug|Any CPU
		{6759CE27-4B80-495F-BF25-3927C83C2548}.Debug|Any CPU.Build.0 = Debug|Any CPU
		{6759CE27-4B80-495F-BF25-3927C83C2548}.Release|Any CPU.ActiveCfg = Release|Any CPU
		{6759CE27-4B80-495F-BF25-3927C83C2548}.Release|Any CPU.Build.0 = Release|Any CPU
	EndGlobalSection
	GlobalSection(SolutionProperties) = preSolution
		HideSolutionNode = FALSE
	EndGlobalSection
	GlobalSection(ExtensibilityGlobals) = postSolution
		SolutionGuid = {1D42F290-680F-4241-81E6-3242B75A2B14}
	EndGlobalSection
EndGlobal
