
Microsoft Visual Studio Solution File, Format Version 12.00
# Visual Studio Version 17
VisualStudioVersion = 17.9.34622.214
MinimumVisualStudioVersion = 10.0.40219.1
Project("{FAE04EC0-301F-11D3-BF4B-00C04F79EFBC}") = "A019_Overflow", "A019_Overflow\A019_Overflow.csproj", "{3944A3F0-BEE2-4FEE-A247-145AEDE90A5F}"
EndProject
Global
	GlobalSection(SolutionConfigurationPlatforms) = preSolution
		Debug|Any CPU = Debug|Any CPU
		Release|Any CPU = Release|Any CPU
	EndGlobalSection
	GlobalSection(ProjectConfigurationPlatforms) = postSolution
		{3944A3F0-BEE2-4FEE-A247-145AEDE90A5F}.Debug|Any CPU.ActiveCfg = Debug|Any CPU
		{3944A3F0-BEE2-4FEE-A247-145AEDE90A5F}.Debug|Any CPU.Build.0 = Debug|Any CPU
		{3944A3F0-BEE2-4FEE-A247-145AEDE90A5F}.Release|Any CPU.ActiveCfg = Release|Any CPU
		{3944A3F0-BEE2-4FEE-A247-145AEDE90A5F}.Release|Any CPU.Build.0 = Release|Any CPU
	EndGlobalSection
	GlobalSection(SolutionProperties) = preSolution
		HideSolutionNode = FALSE
	EndGlobalSection
	GlobalSection(ExtensibilityGlobals) = postSolution
		SolutionGuid = {BB9525B2-B580-4B43-8866-C07C55E7DB49}
	EndGlobalSection
EndGlobal
