
Microsoft Visual Studio Solution File, Format Version 12.00
# Visual Studio Version 17
VisualStudioVersion = 17.10.34928.147
MinimumVisualStudioVersion = 10.0.40219.1
Project("{FAE04EC0-301F-11D3-BF4B-00C04F79EFBC}") = "A047_Power", "A047_Power\A047_Power.csproj", "{9AE84225-B4CC-45B4-BE42-4CCD44E9D9F5}"
EndProject
Global
	GlobalSection(SolutionConfigurationPlatforms) = preSolution
		Debug|Any CPU = Debug|Any CPU
		Release|Any CPU = Release|Any CPU
	EndGlobalSection
	GlobalSection(ProjectConfigurationPlatforms) = postSolution
		{9AE84225-B4CC-45B4-BE42-4CCD44E9D9F5}.Debug|Any CPU.ActiveCfg = Debug|Any CPU
		{9AE84225-B4CC-45B4-BE42-4CCD44E9D9F5}.Debug|Any CPU.Build.0 = Debug|Any CPU
		{9AE84225-B4CC-45B4-BE42-4CCD44E9D9F5}.Release|Any CPU.ActiveCfg = Release|Any CPU
		{9AE84225-B4CC-45B4-BE42-4CCD44E9D9F5}.Release|Any CPU.Build.0 = Release|Any CPU
	EndGlobalSection
	GlobalSection(SolutionProperties) = preSolution
		HideSolutionNode = FALSE
	EndGlobalSection
	GlobalSection(ExtensibilityGlobals) = postSolution
		SolutionGuid = {60704482-A030-4058-9F58-8B11214A3139}
	EndGlobalSection
EndGlobal
