
Microsoft Visual Studio Solution File, Format Version 12.00
# Visual Studio Version 17
VisualStudioVersion = 17.4.33213.308
MinimumVisualStudioVersion = 10.0.40219.1
Project("{FAE04EC0-301F-11D3-BF4B-00C04F79EFBC}") = "A026_SplitMethod", "A026_SplitMethod.csproj", "{500DF11A-8023-4FEA-B62D-472FF26F15F1}"
EndProject
Global
	GlobalSection(SolutionConfigurationPlatforms) = preSolution
		Debug|Any CPU = Debug|Any CPU
		Release|Any CPU = Release|Any CPU
	EndGlobalSection
	GlobalSection(ProjectConfigurationPlatforms) = postSolution
		{500DF11A-8023-4FEA-B62D-472FF26F15F1}.Debug|Any CPU.ActiveCfg = Debug|Any CPU
		{500DF11A-8023-4FEA-B62D-472FF26F15F1}.Debug|Any CPU.Build.0 = Debug|Any CPU
		{500DF11A-8023-4FEA-B62D-472FF26F15F1}.Release|Any CPU.ActiveCfg = Release|Any CPU
		{500DF11A-8023-4FEA-B62D-472FF26F15F1}.Release|Any CPU.Build.0 = Release|Any CPU
	EndGlobalSection
	GlobalSection(SolutionProperties) = preSolution
		HideSolutionNode = FALSE
	EndGlobalSection
	GlobalSection(ExtensibilityGlobals) = postSolution
		SolutionGuid = {3C0B2B18-D5A2-4A29-AC76-7413A4C04988}
	EndGlobalSection
EndGlobal
