
Microsoft Visual Studio Solution File, Format Version 12.00
# Visual Studio Version 17
VisualStudioVersion = 17.4.33213.308
MinimumVisualStudioVersion = 10.0.40219.1
Project("{FAE04EC0-301F-11D3-BF4B-00C04F79EFBC}") = "A034_ValueAndReference", "A034_ValueAndReference.csproj", "{80BCB78F-8526-47CD-944A-AF9EFBD1FDD9}"
EndProject
Global
	GlobalSection(SolutionConfigurationPlatforms) = preSolution
		Debug|Any CPU = Debug|Any CPU
		Release|Any CPU = Release|Any CPU
	EndGlobalSection
	GlobalSection(ProjectConfigurationPlatforms) = postSolution
		{80BCB78F-8526-47CD-944A-AF9EFBD1FDD9}.Debug|Any CPU.ActiveCfg = Debug|Any CPU
		{80BCB78F-8526-47CD-944A-AF9EFBD1FDD9}.Debug|Any CPU.Build.0 = Debug|Any CPU
		{80BCB78F-8526-47CD-944A-AF9EFBD1FDD9}.Release|Any CPU.ActiveCfg = Release|Any CPU
		{80BCB78F-8526-47CD-944A-AF9EFBD1FDD9}.Release|Any CPU.Build.0 = Release|Any CPU
	EndGlobalSection
	GlobalSection(SolutionProperties) = preSolution
		HideSolutionNode = FALSE
	EndGlobalSection
	GlobalSection(ExtensibilityGlobals) = postSolution
		SolutionGuid = {61D1EE98-350C-4B4C-A373-D98557C78772}
	EndGlobalSection
EndGlobal
