
Microsoft Visual Studio Solution File, Format Version 12.00
# Visual Studio Version 17
VisualStudioVersion = 17.9.34902.65
MinimumVisualStudioVersion = 10.0.40219.1
Project("{FAE04EC0-301F-11D3-BF4B-00C04F79EFBC}") = "A033_ConstAndReadonly", "A033_ConstAndReadonly.csproj", "{1E0637F8-9703-4741-9B2C-F4D1CF72D001}"
EndProject
Global
	GlobalSection(SolutionConfigurationPlatforms) = preSolution
		Debug|Any CPU = Debug|Any CPU
		Release|Any CPU = Release|Any CPU
	EndGlobalSection
	GlobalSection(ProjectConfigurationPlatforms) = postSolution
		{1E0637F8-9703-4741-9B2C-F4D1CF72D001}.Debug|Any CPU.ActiveCfg = Debug|Any CPU
		{1E0637F8-9703-4741-9B2C-F4D1CF72D001}.Debug|Any CPU.Build.0 = Debug|Any CPU
		{1E0637F8-9703-4741-9B2C-F4D1CF72D001}.Release|Any CPU.ActiveCfg = Release|Any CPU
		{1E0637F8-9703-4741-9B2C-F4D1CF72D001}.Release|Any CPU.Build.0 = Release|Any CPU
	EndGlobalSection
	GlobalSection(SolutionProperties) = preSolution
		HideSolutionNode = FALSE
	EndGlobalSection
	GlobalSection(ExtensibilityGlobals) = postSolution
		SolutionGuid = {5BD1665A-27AC-43EE-B57A-CC09A2CF6288}
	EndGlobalSection
EndGlobal
