
Microsoft Visual Studio Solution File, Format Version 12.00
# Visual Studio Version 17
VisualStudioVersion = 17.9.34622.214
MinimumVisualStudioVersion = 10.0.40219.1
Project("{FAE04EC0-301F-11D3-BF4B-00C04F79EFBC}") = "A144_ListView", "A144_ListView\A144_ListView.csproj", "{98749A8C-4BEC-4EF9-89A5-DC8DEAB710DD}"
EndProject
Global
	GlobalSection(SolutionConfigurationPlatforms) = preSolution
		Debug|Any CPU = Debug|Any CPU
		Release|Any CPU = Release|Any CPU
	EndGlobalSection
	GlobalSection(ProjectConfigurationPlatforms) = postSolution
		{98749A8C-4BEC-4EF9-89A5-DC8DEAB710DD}.Debug|Any CPU.ActiveCfg = Debug|Any CPU
		{98749A8C-4BEC-4EF9-89A5-DC8DEAB710DD}.Debug|Any CPU.Build.0 = Debug|Any CPU
		{98749A8C-4BEC-4EF9-89A5-DC8DEAB710DD}.Release|Any CPU.ActiveCfg = Release|Any CPU
		{98749A8C-4BEC-4EF9-89A5-DC8DEAB710DD}.Release|Any CPU.Build.0 = Release|Any CPU
	EndGlobalSection
	GlobalSection(SolutionProperties) = preSolution
		HideSolutionNode = FALSE
	EndGlobalSection
	GlobalSection(ExtensibilityGlobals) = postSolution
		SolutionGuid = {18FA642A-8B65-4B74-94B1-3A75A9116FF4}
	EndGlobalSection
EndGlobal
