
Microsoft Visual Studio Solution File, Format Version 12.00
# Visual Studio Version 16
VisualStudioVersion = 25.0.1706.9
MinimumVisualStudioVersion = 10.0.40219.1
Project("{FAE04EC0-301F-11D3-BF4B-00C04F79EFBC}") = "A025_StringMethods", "A025_StringMethods\A025_StringMethods.csproj", "{EB014B09-46FD-4E79-A3F1-F83C659A5EF5}"
EndProject
Global
	GlobalSection(SolutionConfigurationPlatforms) = preSolution
		Debug|Any CPU = Debug|Any CPU
		Release|Any CPU = Release|Any CPU
	EndGlobalSection
	GlobalSection(ProjectConfigurationPlatforms) = postSolution
		{EB014B09-46FD-4E79-A3F1-F83C659A5EF5}.Debug|Any CPU.ActiveCfg = Debug|Any CPU
		{EB014B09-46FD-4E79-A3F1-F83C659A5EF5}.Debug|Any CPU.Build.0 = Debug|Any CPU
		{EB014B09-46FD-4E79-A3F1-F83C659A5EF5}.Release|Any CPU.ActiveCfg = Release|Any CPU
		{EB014B09-46FD-4E79-A3F1-F83C659A5EF5}.Release|Any CPU.Build.0 = Release|Any CPU
	EndGlobalSection
	GlobalSection(SolutionProperties) = preSolution
		HideSolutionNode = FALSE
	EndGlobalSection
	GlobalSection(ExtensibilityGlobals) = postSolution
		SolutionGuid = {24D59528-0262-452F-AEE7-CBB64BE34769}
	EndGlobalSection
EndGlobal
