
Microsoft Visual Studio Solution File, Format Version 12.00
# Visual Studio Version 17
VisualStudioVersion = 17.9.34622.214
MinimumVisualStudioVersion = 10.0.40219.1
Project("{FAE04EC0-301F-11D3-BF4B-00C04F79EFBC}") = "A029_StringFormat", "A029_StringFormat.csproj", "{49F01B7A-5D5B-41A2-A78A-619399C3FD44}"
EndProject
Global
	GlobalSection(SolutionConfigurationPlatforms) = preSolution
		Debug|Any CPU = Debug|Any CPU
		Release|Any CPU = Release|Any CPU
	EndGlobalSection
	GlobalSection(ProjectConfigurationPlatforms) = postSolution
		{49F01B7A-5D5B-41A2-A78A-619399C3FD44}.Debug|Any CPU.ActiveCfg = Debug|Any CPU
		{49F01B7A-5D5B-41A2-A78A-619399C3FD44}.Debug|Any CPU.Build.0 = Debug|Any CPU
		{49F01B7A-5D5B-41A2-A78A-619399C3FD44}.Release|Any CPU.ActiveCfg = Release|Any CPU
		{49F01B7A-5D5B-41A2-A78A-619399C3FD44}.Release|Any CPU.Build.0 = Release|Any CPU
	EndGlobalSection
	GlobalSection(SolutionProperties) = preSolution
		HideSolutionNode = FALSE
	EndGlobalSection
	GlobalSection(ExtensibilityGlobals) = postSolution
		SolutionGuid = {B471AF3D-AA11-40BE-B943-07D50EF6B726}
	EndGlobalSection
EndGlobal
