
Microsoft Visual Studio Solution File, Format Version 12.00
# Visual Studio Version 17
VisualStudioVersion = 17.9.34714.143
MinimumVisualStudioVersion = 10.0.40219.1
Project("{FAE04EC0-301F-11D3-BF4B-00C04F79EFBC}") = "A133_Flag", "A133_Flag.csproj", "{19ABED8A-75FA-45FB-89D9-1CB39E7CB6C7}"
EndProject
Global
	GlobalSection(SolutionConfigurationPlatforms) = preSolution
		Debug|Any CPU = Debug|Any CPU
		Release|Any CPU = Release|Any CPU
	EndGlobalSection
	GlobalSection(ProjectConfigurationPlatforms) = postSolution
		{19ABED8A-75FA-45FB-89D9-1CB39E7CB6C7}.Debug|Any CPU.ActiveCfg = Debug|Any CPU
		{19ABED8A-75FA-45FB-89D9-1CB39E7CB6C7}.Debug|Any CPU.Build.0 = Debug|Any CPU
		{19ABED8A-75FA-45FB-89D9-1CB39E7CB6C7}.Release|Any CPU.ActiveCfg = Release|Any CPU
		{19ABED8A-75FA-45FB-89D9-1CB39E7CB6C7}.Release|Any CPU.Build.0 = Release|Any CPU
	EndGlobalSection
	GlobalSection(SolutionProperties) = preSolution
		HideSolutionNode = FALSE
	EndGlobalSection
	GlobalSection(ExtensibilityGlobals) = postSolution
		SolutionGuid = {0502007C-0E70-4F5B-99B1-DEB6838872DB}
	EndGlobalSection
EndGlobal
