
Microsoft Visual Studio Solution File, Format Version 12.00
# Visual Studio Version 17
VisualStudioVersion = 17.4.33213.308
MinimumVisualStudioVersion = 10.0.40219.1
Project("{FAE04EC0-301F-11D3-BF4B-00C04F79EFBC}") = "A039_Object", "A039_Object.csproj", "{DCE6A907-E1B4-4AF7-8BCC-4B569540CD29}"
EndProject
Global
	GlobalSection(SolutionConfigurationPlatforms) = preSolution
		Debug|Any CPU = Debug|Any CPU
		Release|Any CPU = Release|Any CPU
	EndGlobalSection
	GlobalSection(ProjectConfigurationPlatforms) = postSolution
		{DCE6A907-E1B4-4AF7-8BCC-4B569540CD29}.Debug|Any CPU.ActiveCfg = Debug|Any CPU
		{DCE6A907-E1B4-4AF7-8BCC-4B569540CD29}.Debug|Any CPU.Build.0 = Debug|Any CPU
		{DCE6A907-E1B4-4AF7-8BCC-4B569540CD29}.Release|Any CPU.ActiveCfg = Release|Any CPU
		{DCE6A907-E1B4-4AF7-8BCC-4B569540CD29}.Release|Any CPU.Build.0 = Release|Any CPU
	EndGlobalSection
	GlobalSection(SolutionProperties) = preSolution
		HideSolutionNode = FALSE
	EndGlobalSection
	GlobalSection(ExtensibilityGlobals) = postSolution
		SolutionGuid = {E8BF10E1-50A2-461E-A64A-A0DBAD762DE0}
	EndGlobalSection
EndGlobal
