
Microsoft Visual Studio Solution File, Format Version 12.00
# Visual Studio Version 17
VisualStudioVersion = 17.9.34728.123
MinimumVisualStudioVersion = 10.0.40219.1
Project("{FAE04EC0-301F-11D3-BF4B-00C04F79EFBC}") = "A050_FindingPI", "A050_FindingPI\A050_FindingPI.csproj", "{EEC7D4D2-2AD9-4494-B282-AE36585E637A}"
EndProject
Global
	GlobalSection(SolutionConfigurationPlatforms) = preSolution
		Debug|Any CPU = Debug|Any CPU
		Release|Any CPU = Release|Any CPU
	EndGlobalSection
	GlobalSection(ProjectConfigurationPlatforms) = postSolution
		{EEC7D4D2-2AD9-4494-B282-AE36585E637A}.Debug|Any CPU.ActiveCfg = Debug|Any CPU
		{EEC7D4D2-2AD9-4494-B282-AE36585E637A}.Debug|Any CPU.Build.0 = Debug|Any CPU
		{EEC7D4D2-2AD9-4494-B282-AE36585E637A}.Release|Any CPU.ActiveCfg = Release|Any CPU
		{EEC7D4D2-2AD9-4494-B282-AE36585E637A}.Release|Any CPU.Build.0 = Release|Any CPU
	EndGlobalSection
	GlobalSection(SolutionProperties) = preSolution
		HideSolutionNode = FALSE
	EndGlobalSection
	GlobalSection(ExtensibilityGlobals) = postSolution
		SolutionGuid = {B8AC9258-E494-45B0-AFB3-3B46C2340C26}
	EndGlobalSection
EndGlobal
