
Microsoft Visual Studio Solution File, Format Version 12.00
# Visual Studio Version 17
VisualStudioVersion = 17.9.34728.123
MinimumVisualStudioVersion = 10.0.40219.1
Project("{FAE04EC0-301F-11D3-BF4B-00C04F79EFBC}") = "A057_ArrayBasic", "A057_ArrayBasic\A057_ArrayBasic.csproj", "{E6CC8562-F7DC-4AEE-B298-0B66D5751316}"
EndProject
Global
	GlobalSection(SolutionConfigurationPlatforms) = preSolution
		Debug|Any CPU = Debug|Any CPU
		Release|Any CPU = Release|Any CPU
	EndGlobalSection
	GlobalSection(ProjectConfigurationPlatforms) = postSolution
		{E6CC8562-F7DC-4AEE-B298-0B66D5751316}.Debug|Any CPU.ActiveCfg = Debug|Any CPU
		{E6CC8562-F7DC-4AEE-B298-0B66D5751316}.Debug|Any CPU.Build.0 = Debug|Any CPU
		{E6CC8562-F7DC-4AEE-B298-0B66D5751316}.Release|Any CPU.ActiveCfg = Release|Any CPU
		{E6CC8562-F7DC-4AEE-B298-0B66D5751316}.Release|Any CPU.Build.0 = Release|Any CPU
	EndGlobalSection
	GlobalSection(SolutionProperties) = preSolution
		HideSolutionNode = FALSE
	EndGlobalSection
	GlobalSection(ExtensibilityGlobals) = postSolution
		SolutionGuid = {BE91D59A-8E91-4556-9BDB-7C249621398C}
	EndGlobalSection
EndGlobal
