
Microsoft Visual Studio Solution File, Format Version 12.00
# Visual Studio Version 17
VisualStudioVersion = 17.9.34728.123
MinimumVisualStudioVersion = 10.0.40219.1
Project("{FAE04EC0-301F-11D3-BF4B-00C04F79EFBC}") = "A061_RandomClass", "A061_RandomClass\A061_RandomClass.csproj", "{BD56D6BC-4E90-4AA6-ACD2-BFE46D852B53}"
EndProject
Global
	GlobalSection(SolutionConfigurationPlatforms) = preSolution
		Debug|Any CPU = Debug|Any CPU
		Release|Any CPU = Release|Any CPU
	EndGlobalSection
	GlobalSection(ProjectConfigurationPlatforms) = postSolution
		{BD56D6BC-4E90-4AA6-ACD2-BFE46D852B53}.Debug|Any CPU.ActiveCfg = Debug|Any CPU
		{BD56D6BC-4E90-4AA6-ACD2-BFE46D852B53}.Debug|Any CPU.Build.0 = Debug|Any CPU
		{BD56D6BC-4E90-4AA6-ACD2-BFE46D852B53}.Release|Any CPU.ActiveCfg = Release|Any CPU
		{BD56D6BC-4E90-4AA6-ACD2-BFE46D852B53}.Release|Any CPU.Build.0 = Release|Any CPU
	EndGlobalSection
	GlobalSection(SolutionProperties) = preSolution
		HideSolutionNode = FALSE
	EndGlobalSection
	GlobalSection(ExtensibilityGlobals) = postSolution
		SolutionGuid = {9849039F-FFD9-4C4C-85CD-983F943426DB}
	EndGlobalSection
EndGlobal
