
Microsoft Visual Studio Solution File, Format Version 12.00
# Visual Studio Version 17
VisualStudioVersion = 17.10.34928.147
MinimumVisualStudioVersion = 10.0.40219.1
Project("{FAE04EC0-301F-11D3-BF4B-00C04F79EFBC}") = "A047_Power", "A047_Power\A047_Power.csproj", "{88C9DAD9-A7A1-4DF1-B5AA-80C6A0C7AA3C}"
EndProject
Global
	GlobalSection(SolutionConfigurationPlatforms) = preSolution
		Debug|Any CPU = Debug|Any CPU
		Release|Any CPU = Release|Any CPU
	EndGlobalSection
	GlobalSection(ProjectConfigurationPlatforms) = postSolution
		{88C9DAD9-A7A1-4DF1-B5AA-80C6A0C7AA3C}.Debug|Any CPU.ActiveCfg = Debug|Any CPU
		{88C9DAD9-A7A1-4DF1-B5AA-80C6A0C7AA3C}.Debug|Any CPU.Build.0 = Debug|Any CPU
		{88C9DAD9-A7A1-4DF1-B5AA-80C6A0C7AA3C}.Release|Any CPU.ActiveCfg = Release|Any CPU
		{88C9DAD9-A7A1-4DF1-B5AA-80C6A0C7AA3C}.Release|Any CPU.Build.0 = Release|Any CPU
	EndGlobalSection
	GlobalSection(SolutionProperties) = preSolution
		HideSolutionNode = FALSE
	EndGlobalSection
	GlobalSection(ExtensibilityGlobals) = postSolution
		SolutionGuid = {1FE735F7-1C78-4515-9520-100827954E49}
	EndGlobalSection
EndGlobal
