
Microsoft Visual Studio Solution File, Format Version 12.00
# Visual Studio Version 17
VisualStudioVersion = 17.4.33213.308
MinimumVisualStudioVersion = 10.0.40219.1
Project("{FAE04EC0-301F-11D3-BF4B-00C04F79EFBC}") = "A143_GradeCalc", "A143_GradeCalc.csproj", "{83CB726E-66AC-4157-BD1C-6E8A59641589}"
EndProject
Global
	GlobalSection(SolutionConfigurationPlatforms) = preSolution
		Debug|Any CPU = Debug|Any CPU
		Release|Any CPU = Release|Any CPU
	EndGlobalSection
	GlobalSection(ProjectConfigurationPlatforms) = postSolution
		{83CB726E-66AC-4157-BD1C-6E8A59641589}.Debug|Any CPU.ActiveCfg = Debug|Any CPU
		{83CB726E-66AC-4157-BD1C-6E8A59641589}.Debug|Any CPU.Build.0 = Debug|Any CPU
		{83CB726E-66AC-4157-BD1C-6E8A59641589}.Release|Any CPU.ActiveCfg = Release|Any CPU
		{83CB726E-66AC-4157-BD1C-6E8A59641589}.Release|Any CPU.Build.0 = Release|Any CPU
	EndGlobalSection
	GlobalSection(SolutionProperties) = preSolution
		HideSolutionNode = FALSE
	EndGlobalSection
	GlobalSection(ExtensibilityGlobals) = postSolution
		SolutionGuid = {64C7DCF5-017D-469D-BD5B-02B2689526F3}
	EndGlobalSection
EndGlobal
