
Microsoft Visual Studio Solution File, Format Version 12.00
# Visual Studio Version 17
VisualStudioVersion = 17.9.34714.143
MinimumVisualStudioVersion = 10.0.40219.1
Project("{FAE04EC0-301F-11D3-BF4B-00C04F79EFBC}") = "A131_BasicControls", "A131_BasicControls.csproj", "{F34F2267-954D-48A0-9C3D-62BAB78CCDAC}"
EndProject
Global
	GlobalSection(SolutionConfigurationPlatforms) = preSolution
		Debug|Any CPU = Debug|Any CPU
		Release|Any CPU = Release|Any CPU
	EndGlobalSection
	GlobalSection(ProjectConfigurationPlatforms) = postSolution
		{F34F2267-954D-48A0-9C3D-62BAB78CCDAC}.Debug|Any CPU.ActiveCfg = Debug|Any CPU
		{F34F2267-954D-48A0-9C3D-62BAB78CCDAC}.Debug|Any CPU.Build.0 = Debug|Any CPU
		{F34F2267-954D-48A0-9C3D-62BAB78CCDAC}.Release|Any CPU.ActiveCfg = Release|Any CPU
		{F34F2267-954D-48A0-9C3D-62BAB78CCDAC}.Release|Any CPU.Build.0 = Release|Any CPU
	EndGlobalSection
	GlobalSection(SolutionProperties) = preSolution
		HideSolutionNode = FALSE
	EndGlobalSection
	GlobalSection(ExtensibilityGlobals) = postSolution
		SolutionGuid = {D4F13EC9-7147-494F-8A18-F97979034501}
	EndGlobalSection
EndGlobal
