
Microsoft Visual Studio Solution File, Format Version 12.00
# Visual Studio Version 17
VisualStudioVersion = 17.9.34728.123
MinimumVisualStudioVersion = 10.0.40219.1
Project("{FAE04EC0-301F-11D3-BF4B-00C04F79EFBC}") = "A028_StringContains", "A028_StringContains.csproj", "{74038CE5-D819-468E-85D1-1D99C8FED608}"
EndProject
Global
	GlobalSection(SolutionConfigurationPlatforms) = preSolution
		Debug|Any CPU = Debug|Any CPU
		Release|Any CPU = Release|Any CPU
	EndGlobalSection
	GlobalSection(ProjectConfigurationPlatforms) = postSolution
		{74038CE5-D819-468E-85D1-1D99C8FED608}.Debug|Any CPU.ActiveCfg = Debug|Any CPU
		{74038CE5-D819-468E-85D1-1D99C8FED608}.Debug|Any CPU.Build.0 = Debug|Any CPU
		{74038CE5-D819-468E-85D1-1D99C8FED608}.Release|Any CPU.ActiveCfg = Release|Any CPU
		{74038CE5-D819-468E-85D1-1D99C8FED608}.Release|Any CPU.Build.0 = Release|Any CPU
	EndGlobalSection
	GlobalSection(SolutionProperties) = preSolution
		HideSolutionNode = FALSE
	EndGlobalSection
	GlobalSection(ExtensibilityGlobals) = postSolution
		SolutionGuid = {7B7C5D8A-9BF0-442D-B1F0-F6D495A9899F}
	EndGlobalSection
EndGlobal
