
Microsoft Visual Studio Solution File, Format Version 12.00
# Visual Studio Version 17
VisualStudioVersion = 17.9.34902.65
MinimumVisualStudioVersion = 10.0.40219.1
Project("{FAE04EC0-301F-11D3-BF4B-00C04F79EFBC}") = "A038_Nullable", "A038_Nullable.csproj", "{E59E4B35-B541-4983-B842-616E8C4CAD77}"
EndProject
Global
	GlobalSection(SolutionConfigurationPlatforms) = preSolution
		Debug|Any CPU = Debug|Any CPU
		Release|Any CPU = Release|Any CPU
	EndGlobalSection
	GlobalSection(ProjectConfigurationPlatforms) = postSolution
		{E59E4B35-B541-4983-B842-616E8C4CAD77}.Debug|Any CPU.ActiveCfg = Debug|Any CPU
		{E59E4B35-B541-4983-B842-616E8C4CAD77}.Debug|Any CPU.Build.0 = Debug|Any CPU
		{E59E4B35-B541-4983-B842-616E8C4CAD77}.Release|Any CPU.ActiveCfg = Release|Any CPU
		{E59E4B35-B541-4983-B842-616E8C4CAD77}.Release|Any CPU.Build.0 = Release|Any CPU
	EndGlobalSection
	GlobalSection(SolutionProperties) = preSolution
		HideSolutionNode = FALSE
	EndGlobalSection
	GlobalSection(ExtensibilityGlobals) = postSolution
		SolutionGuid = {A675BF88-B107-4811-828B-EE5497C77631}
	EndGlobalSection
EndGlobal
