
Microsoft Visual Studio Solution File, Format Version 12.00
# Visual Studio Version 17
VisualStudioVersion = 17.9.34728.123
MinimumVisualStudioVersion = 10.0.40219.1
Project("{FAE04EC0-301F-11D3-BF4B-00C04F79EFBC}") = "A134_CheckBox", "A134_CheckBox\A134_CheckBox.csproj", "{28CA6686-3C18-4A87-A90C-7B4108EF599F}"
EndProject
Global
	GlobalSection(SolutionConfigurationPlatforms) = preSolution
		Debug|Any CPU = Debug|Any CPU
		Release|Any CPU = Release|Any CPU
	EndGlobalSection
	GlobalSection(ProjectConfigurationPlatforms) = postSolution
		{28CA6686-3C18-4A87-A90C-7B4108EF599F}.Debug|Any CPU.ActiveCfg = Debug|Any CPU
		{28CA6686-3C18-4A87-A90C-7B4108EF599F}.Debug|Any CPU.Build.0 = Debug|Any CPU
		{28CA6686-3C18-4A87-A90C-7B4108EF599F}.Release|Any CPU.ActiveCfg = Release|Any CPU
		{28CA6686-3C18-4A87-A90C-7B4108EF599F}.Release|Any CPU.Build.0 = Release|Any CPU
	EndGlobalSection
	GlobalSection(SolutionProperties) = preSolution
		HideSolutionNode = FALSE
	EndGlobalSection
	GlobalSection(ExtensibilityGlobals) = postSolution
		SolutionGuid = {404BE3B1-2034-4418-A026-DAEFA4AC9E31}
	EndGlobalSection
EndGlobal
