
Microsoft Visual Studio Solution File, Format Version 12.00
# Visual Studio Version 17
VisualStudioVersion = 17.9.34902.65
MinimumVisualStudioVersion = 10.0.40219.1
Project("{FAE04EC0-301F-11D3-BF4B-00C04F79EFBC}") = "A149_DateTimePicker", "A149_DateTimePicker.csproj", "{3DAA3BBA-C935-425F-B0A7-32807208BFDA}"
EndProject
Global
	GlobalSection(SolutionConfigurationPlatforms) = preSolution
		Debug|Any CPU = Debug|Any CPU
		Release|Any CPU = Release|Any CPU
	EndGlobalSection
	GlobalSection(ProjectConfigurationPlatforms) = postSolution
		{3DAA3BBA-C935-425F-B0A7-32807208BFDA}.Debug|Any CPU.ActiveCfg = Debug|Any CPU
		{3DAA3BBA-C935-425F-B0A7-32807208BFDA}.Debug|Any CPU.Build.0 = Debug|Any CPU
		{3DAA3BBA-C935-425F-B0A7-32807208BFDA}.Release|Any CPU.ActiveCfg = Release|Any CPU
		{3DAA3BBA-C935-425F-B0A7-32807208BFDA}.Release|Any CPU.Build.0 = Release|Any CPU
	EndGlobalSection
	GlobalSection(SolutionProperties) = preSolution
		HideSolutionNode = FALSE
	EndGlobalSection
	GlobalSection(ExtensibilityGlobals) = postSolution
		SolutionGuid = {C40E41CC-D91F-4DB8-9EBE-183DFDD822E3}
	EndGlobalSection
EndGlobal
