
Microsoft Visual Studio Solution File, Format Version 12.00
# Visual Studio Version 17
VisualStudioVersion = 17.10.34928.147
MinimumVisualStudioVersion = 10.0.40219.1
Project("{FAE04EC0-301F-11D3-BF4B-00C04F79EFBC}") = "A152_WMP", "A152_WMP\A152_WMP.csproj", "{A1AC8279-B81C-432F-A551-15A6C6EF5627}"
EndProject
Global
	GlobalSection(SolutionConfigurationPlatforms) = preSolution
		Debug|Any CPU = Debug|Any CPU
		Release|Any CPU = Release|Any CPU
	EndGlobalSection
	GlobalSection(ProjectConfigurationPlatforms) = postSolution
		{A1AC8279-B81C-432F-A551-15A6C6EF5627}.Debug|Any CPU.ActiveCfg = Debug|Any CPU
		{A1AC8279-B81C-432F-A551-15A6C6EF5627}.Debug|Any CPU.Build.0 = Debug|Any CPU
		{A1AC8279-B81C-432F-A551-15A6C6EF5627}.Release|Any CPU.ActiveCfg = Release|Any CPU
		{A1AC8279-B81C-432F-A551-15A6C6EF5627}.Release|Any CPU.Build.0 = Release|Any CPU
	EndGlobalSection
	GlobalSection(SolutionProperties) = preSolution
		HideSolutionNode = FALSE
	EndGlobalSection
	GlobalSection(ExtensibilityGlobals) = postSolution
		SolutionGuid = {E7941F45-1F85-4FE4-BAE4-25294C7E5D8F}
	EndGlobalSection
EndGlobal
