
Microsoft Visual Studio Solution File, Format Version 12.00
# Visual Studio Version 17
VisualStudioVersion = 17.9.34622.214
MinimumVisualStudioVersion = 10.0.40219.1
Project("{FAE04EC0-301F-11D3-BF4B-00C04F79EFBC}") = "A039_Object", "A039_Object\A039_Object.csproj", "{AB4F68CB-2A6E-4A94-8E8A-CE202D2ED00D}"
EndProject
Global
	GlobalSection(SolutionConfigurationPlatforms) = preSolution
		Debug|Any CPU = Debug|Any CPU
		Release|Any CPU = Release|Any CPU
	EndGlobalSection
	GlobalSection(ProjectConfigurationPlatforms) = postSolution
		{AB4F68CB-2A6E-4A94-8E8A-CE202D2ED00D}.Debug|Any CPU.ActiveCfg = Debug|Any CPU
		{AB4F68CB-2A6E-4A94-8E8A-CE202D2ED00D}.Debug|Any CPU.Build.0 = Debug|Any CPU
		{AB4F68CB-2A6E-4A94-8E8A-CE202D2ED00D}.Release|Any CPU.ActiveCfg = Release|Any CPU
		{AB4F68CB-2A6E-4A94-8E8A-CE202D2ED00D}.Release|Any CPU.Build.0 = Release|Any CPU
	EndGlobalSection
	GlobalSection(SolutionProperties) = preSolution
		HideSolutionNode = FALSE
	EndGlobalSection
	GlobalSection(ExtensibilityGlobals) = postSolution
		SolutionGuid = {F26471F5-7233-41D4-A5F7-D9349588F821}
	EndGlobalSection
EndGlobal
