
Microsoft Visual Studio Solution File, Format Version 12.00
# Visual Studio Version 16
VisualStudioVersion = 25.0.1706.9
MinimumVisualStudioVersion = 10.0.40219.1
Project("{FAE04EC0-301F-11D3-BF4B-00C04F79EFBC}") = "A028_StringContains", "A028_StringContains\A028_StringContains.csproj", "{FED9E1FA-00D9-42B6-90C0-185B33706067}"
EndProject
Global
	GlobalSection(SolutionConfigurationPlatforms) = preSolution
		Debug|Any CPU = Debug|Any CPU
		Release|Any CPU = Release|Any CPU
	EndGlobalSection
	GlobalSection(ProjectConfigurationPlatforms) = postSolution
		{FED9E1FA-00D9-42B6-90C0-185B33706067}.Debug|Any CPU.ActiveCfg = Debug|Any CPU
		{FED9E1FA-00D9-42B6-90C0-185B33706067}.Debug|Any CPU.Build.0 = Debug|Any CPU
		{FED9E1FA-00D9-42B6-90C0-185B33706067}.Release|Any CPU.ActiveCfg = Release|Any CPU
		{FED9E1FA-00D9-42B6-90C0-185B33706067}.Release|Any CPU.Build.0 = Release|Any CPU
	EndGlobalSection
	GlobalSection(SolutionProperties) = preSolution
		HideSolutionNode = FALSE
	EndGlobalSection
	GlobalSection(ExtensibilityGlobals) = postSolution
		SolutionGuid = {84360766-5C74-430B-9EF5-73C9C9248E73}
	EndGlobalSection
EndGlobal
