
Microsoft Visual Studio Solution File, Format Version 12.00
# Visual Studio Version 17
VisualStudioVersion = 17.9.34728.123
MinimumVisualStudioVersion = 10.0.40219.1
Project("{FAE04EC0-301F-11D3-BF4B-00C04F79EFBC}") = "A046_MinMax", "A046_MinMax\A046_MinMax.csproj", "{5B97FCEE-79F8-4402-91B4-BFE4BE91F39B}"
EndProject
Global
	GlobalSection(SolutionConfigurationPlatforms) = preSolution
		Debug|Any CPU = Debug|Any CPU
		Release|Any CPU = Release|Any CPU
	EndGlobalSection
	GlobalSection(ProjectConfigurationPlatforms) = postSolution
		{5B97FCEE-79F8-4402-91B4-BFE4BE91F39B}.Debug|Any CPU.ActiveCfg = Debug|Any CPU
		{5B97FCEE-79F8-4402-91B4-BFE4BE91F39B}.Debug|Any CPU.Build.0 = Debug|Any CPU
		{5B97FCEE-79F8-4402-91B4-BFE4BE91F39B}.Release|Any CPU.ActiveCfg = Release|Any CPU
		{5B97FCEE-79F8-4402-91B4-BFE4BE91F39B}.Release|Any CPU.Build.0 = Release|Any CPU
	EndGlobalSection
	GlobalSection(SolutionProperties) = preSolution
		HideSolutionNode = FALSE
	EndGlobalSection
	GlobalSection(ExtensibilityGlobals) = postSolution
		SolutionGuid = {D509C37D-2429-4AE0-B79E-73A68F027605}
	EndGlobalSection
EndGlobal
