
Microsoft Visual Studio Solution File, Format Version 12.00
# Visual Studio Version 17
VisualStudioVersion = 17.4.33213.308
MinimumVisualStudioVersion = 10.0.40219.1
Project("{FAE04EC0-301F-11D3-BF4B-00C04F79EFBC}") = "A125_WinformApp", "A125_WinformApp.csproj", "{AD58E6E9-4AFF-45AB-8A6C-1911E9145A7C}"
EndProject
Global
	GlobalSection(SolutionConfigurationPlatforms) = preSolution
		Debug|Any CPU = Debug|Any CPU
		Release|Any CPU = Release|Any CPU
	EndGlobalSection
	GlobalSection(ProjectConfigurationPlatforms) = postSolution
		{AD58E6E9-4AFF-45AB-8A6C-1911E9145A7C}.Debug|Any CPU.ActiveCfg = Debug|Any CPU
		{AD58E6E9-4AFF-45AB-8A6C-1911E9145A7C}.Debug|Any CPU.Build.0 = Debug|Any CPU
		{AD58E6E9-4AFF-45AB-8A6C-1911E9145A7C}.Release|Any CPU.ActiveCfg = Release|Any CPU
		{AD58E6E9-4AFF-45AB-8A6C-1911E9145A7C}.Release|Any CPU.Build.0 = Release|Any CPU
	EndGlobalSection
	GlobalSection(SolutionProperties) = preSolution
		HideSolutionNode = FALSE
	EndGlobalSection
	GlobalSection(ExtensibilityGlobals) = postSolution
		SolutionGuid = {0FAF780C-BB29-4EEA-B53E-47B5AC37B437}
	EndGlobalSection
EndGlobal
