
Microsoft Visual Studio Solution File, Format Version 12.00
# Visual Studio Version 17
VisualStudioVersion = 17.9.34622.214
MinimumVisualStudioVersion = 10.0.40219.1
Project("{FAE04EC0-301F-11D3-BF4B-00C04F79EFBC}") = "A130_MessageBox", "A130_MessageBox.csproj", "{ED396B1B-72F0-485E-93C3-C6E4C3703C41}"
EndProject
Global
	GlobalSection(SolutionConfigurationPlatforms) = preSolution
		Debug|Any CPU = Debug|Any CPU
		Release|Any CPU = Release|Any CPU
	EndGlobalSection
	GlobalSection(ProjectConfigurationPlatforms) = postSolution
		{ED396B1B-72F0-485E-93C3-C6E4C3703C41}.Debug|Any CPU.ActiveCfg = Debug|Any CPU
		{ED396B1B-72F0-485E-93C3-C6E4C3703C41}.Debug|Any CPU.Build.0 = Debug|Any CPU
		{ED396B1B-72F0-485E-93C3-C6E4C3703C41}.Release|Any CPU.ActiveCfg = Release|Any CPU
		{ED396B1B-72F0-485E-93C3-C6E4C3703C41}.Release|Any CPU.Build.0 = Release|Any CPU
	EndGlobalSection
	GlobalSection(SolutionProperties) = preSolution
		HideSolutionNode = FALSE
	EndGlobalSection
	GlobalSection(ExtensibilityGlobals) = postSolution
		SolutionGuid = {E8CA8678-2AEC-4DF2-B476-5D1927C69647}
	EndGlobalSection
EndGlobal
