
Microsoft Visual Studio Solution File, Format Version 12.00
# Visual Studio Version 17
VisualStudioVersion = 17.10.34928.147
MinimumVisualStudioVersion = 10.0.40219.1
Project("{FAE04EC0-301F-11D3-BF4B-00C04F79EFBC}") = "A050_FindingPI", "A050_FindingPI\A050_FindingPI.csproj", "{EDFA1696-6B7B-4DA0-8A44-5FA432E557DF}"
EndProject
Global
	GlobalSection(SolutionConfigurationPlatforms) = preSolution
		Debug|Any CPU = Debug|Any CPU
		Release|Any CPU = Release|Any CPU
	EndGlobalSection
	GlobalSection(ProjectConfigurationPlatforms) = postSolution
		{EDFA1696-6B7B-4DA0-8A44-5FA432E557DF}.Debug|Any CPU.ActiveCfg = Debug|Any CPU
		{EDFA1696-6B7B-4DA0-8A44-5FA432E557DF}.Debug|Any CPU.Build.0 = Debug|Any CPU
		{EDFA1696-6B7B-4DA0-8A44-5FA432E557DF}.Release|Any CPU.ActiveCfg = Release|Any CPU
		{EDFA1696-6B7B-4DA0-8A44-5FA432E557DF}.Release|Any CPU.Build.0 = Release|Any CPU
	EndGlobalSection
	GlobalSection(SolutionProperties) = preSolution
		HideSolutionNode = FALSE
	EndGlobalSection
	GlobalSection(ExtensibilityGlobals) = postSolution
		SolutionGuid = {8834CFC5-32E1-484B-9874-DE748C8A5C1E}
	EndGlobalSection
EndGlobal
