
Microsoft Visual Studio Solution File, Format Version 12.00
# Visual Studio Version 17
VisualStudioVersion = 17.9.34728.123
MinimumVisualStudioVersion = 10.0.40219.1
Project("{FAE04EC0-301F-11D3-BF4B-00C04F79EFBC}") = "A143_GradeCalc", "A143_GradeCalc\A143_GradeCalc.csproj", "{EE4521A8-3F9D-40E7-AB31-DAFA293F5491}"
EndProject
Global
	GlobalSection(SolutionConfigurationPlatforms) = preSolution
		Debug|Any CPU = Debug|Any CPU
		Release|Any CPU = Release|Any CPU
	EndGlobalSection
	GlobalSection(ProjectConfigurationPlatforms) = postSolution
		{EE4521A8-3F9D-40E7-AB31-DAFA293F5491}.Debug|Any CPU.ActiveCfg = Debug|Any CPU
		{EE4521A8-3F9D-40E7-AB31-DAFA293F5491}.Debug|Any CPU.Build.0 = Debug|Any CPU
		{EE4521A8-3F9D-40E7-AB31-DAFA293F5491}.Release|Any CPU.ActiveCfg = Release|Any CPU
		{EE4521A8-3F9D-40E7-AB31-DAFA293F5491}.Release|Any CPU.Build.0 = Release|Any CPU
	EndGlobalSection
	GlobalSection(SolutionProperties) = preSolution
		HideSolutionNode = FALSE
	EndGlobalSection
	GlobalSection(ExtensibilityGlobals) = postSolution
		SolutionGuid = {5790BB48-B587-492E-A8E8-B800CD5C7145}
	EndGlobalSection
EndGlobal
