
Microsoft Visual Studio Solution File, Format Version 12.00
# Visual Studio Version 17
VisualStudioVersion = 17.4.33213.308
MinimumVisualStudioVersion = 10.0.40219.1
Project("{FAE04EC0-301F-11D3-BF4B-00C04F79EFBC}") = "A036_NullConditionalOperator", "A036_NullConditionalOperator.csproj", "{EFED26A7-D962-45DD-BDAC-2DF305082112}"
EndProject
Global
	GlobalSection(SolutionConfigurationPlatforms) = preSolution
		Debug|Any CPU = Debug|Any CPU
		Release|Any CPU = Release|Any CPU
	EndGlobalSection
	GlobalSection(ProjectConfigurationPlatforms) = postSolution
		{EFED26A7-D962-45DD-BDAC-2DF305082112}.Debug|Any CPU.ActiveCfg = Debug|Any CPU
		{EFED26A7-D962-45DD-BDAC-2DF305082112}.Debug|Any CPU.Build.0 = Debug|Any CPU
		{EFED26A7-D962-45DD-BDAC-2DF305082112}.Release|Any CPU.ActiveCfg = Release|Any CPU
		{EFED26A7-D962-45DD-BDAC-2DF305082112}.Release|Any CPU.Build.0 = Release|Any CPU
	EndGlobalSection
	GlobalSection(SolutionProperties) = preSolution
		HideSolutionNode = FALSE
	EndGlobalSection
	GlobalSection(ExtensibilityGlobals) = postSolution
		SolutionGuid = {DE085160-DB30-4B08-97A0-AE6E7AACB3C4}
	EndGlobalSection
EndGlobal
